// !$*UTF8*$!
{
	archiveVersion = 1;
	classes = {
	};
	objectVersion = 51;
	objects = {

/* Begin PBXBuildFile section */
		01BB5B1708E7FDE616494A58 /* Pods_iPark_Admin_iPark_AdminUITests.framework in Frameworks */ = {isa = PBXBuildFile; fileRef = 23B301ACF5B81E0E36ADAF42 /* Pods_iPark_Admin_iPark_AdminUITests.framework */; };
		55474ADF2412EA4600E7FC24 /* AppDelegate.swift in Sources */ = {isa = PBXBuildFile; fileRef = 55474ADE2412EA4600E7FC24 /* AppDelegate.swift */; };
		55474AE12412EA4600E7FC24 /* SceneDelegate.swift in Sources */ = {isa = PBXBuildFile; fileRef = 55474AE02412EA4600E7FC24 /* SceneDelegate.swift */; };
		55474AE32412EA4600E7FC24 /* ContentView.swift in Sources */ = {isa = PBXBuildFile; fileRef = 55474AE22412EA4600E7FC24 /* ContentView.swift */; };
		55474AE52412EA4700E7FC24 /* Assets.xcassets in Resources */ = {isa = PBXBuildFile; fileRef = 55474AE42412EA4700E7FC24 /* Assets.xcassets */; };
		55474AE82412EA4700E7FC24 /* Preview Assets.xcassets in Resources */ = {isa = PBXBuildFile; fileRef = 55474AE72412EA4700E7FC24 /* Preview Assets.xcassets */; };
		55474AEB2412EA4700E7FC24 /* LaunchScreen.storyboard in Resources */ = {isa = PBXBuildFile; fileRef = 55474AE92412EA4700E7FC24 /* LaunchScreen.storyboard */; };
		55474AF62412EA4700E7FC24 /* iPark_AdminTests.swift in Sources */ = {isa = PBXBuildFile; fileRef = 55474AF52412EA4700E7FC24 /* iPark_AdminTests.swift */; };
		55474B012412EA4700E7FC24 /* iPark_AdminUITests.swift in Sources */ = {isa = PBXBuildFile; fileRef = 55474B002412EA4700E7FC24 /* iPark_AdminUITests.swift */; };
		55474B0F2412EB1300E7FC24 /* GoogleService-Info.plist in Resources */ = {isa = PBXBuildFile; fileRef = 55474B0E2412EB1300E7FC24 /* GoogleService-Info.plist */; };
		55474B102412EB1300E7FC24 /* GoogleService-Info.plist in Resources */ = {isa = PBXBuildFile; fileRef = 55474B0E2412EB1300E7FC24 /* GoogleService-Info.plist */; };
		55474B112412EB1300E7FC24 /* GoogleService-Info.plist in Resources */ = {isa = PBXBuildFile; fileRef = 55474B0E2412EB1300E7FC24 /* GoogleService-Info.plist */; };
		55474B162412EF5F00E7FC24 /* HomeImage.swift in Sources */ = {isa = PBXBuildFile; fileRef = 55474B152412EF5F00E7FC24 /* HomeImage.swift */; };
		55A20FAF245B4FF40057AB30 /* FirebaseCollection.swift in Sources */ = {isa = PBXBuildFile; fileRef = 55A20FAE245B4FF40057AB30 /* FirebaseCollection.swift */; };
		55A20FB3245B52350057AB30 /* ListofShops.swift in Sources */ = {isa = PBXBuildFile; fileRef = 55A20FB2245B52350057AB30 /* ListofShops.swift */; };
		55A20FB9245B561B0057AB30 /* .gitignore in Resources */ = {isa = PBXBuildFile; fileRef = 55A20FB8245B561B0057AB30 /* .gitignore */; };
		55A20FBB245B79FC0057AB30 /* ShopDetailView.swift in Sources */ = {isa = PBXBuildFile; fileRef = 55A20FBA245B79FC0057AB30 /* ShopDetailView.swift */; };
		55A20FBD245B9FA10057AB30 /* AddShopsView.swift in Sources */ = {isa = PBXBuildFile; fileRef = 55A20FBC245B9FA10057AB30 /* AddShopsView.swift */; };
		55A20FBF245BCE100057AB30 /* RestaurantsView.swift in Sources */ = {isa = PBXBuildFile; fileRef = 55A20FBE245BCE100057AB30 /* RestaurantsView.swift */; };
		55A20FC1245BD4F40057AB30 /* Updates.rtf in Resources */ = {isa = PBXBuildFile; fileRef = 55A20FC0245BD4F40057AB30 /* Updates.rtf */; };
		55D3BD6324566EC9003030F0 /* Ride.swift in Sources */ = {isa = PBXBuildFile; fileRef = 55D3BD6124566EC9003030F0 /* Ride.swift */; };
		55D3BD6424566EC9003030F0 /* Ride.swift in Sources */ = {isa = PBXBuildFile; fileRef = 55D3BD6124566EC9003030F0 /* Ride.swift */; };
		55D3BD6524566EC9003030F0 /* Ride.swift in Sources */ = {isa = PBXBuildFile; fileRef = 55D3BD6124566EC9003030F0 /* Ride.swift */; };
		55D3BD6624566EC9003030F0 /* Shop.swift in Sources */ = {isa = PBXBuildFile; fileRef = 55D3BD6224566EC9003030F0 /* Shop.swift */; };
		55D3BD6724566EC9003030F0 /* Shop.swift in Sources */ = {isa = PBXBuildFile; fileRef = 55D3BD6224566EC9003030F0 /* Shop.swift */; };
		55D3BD6824566EC9003030F0 /* Shop.swift in Sources */ = {isa = PBXBuildFile; fileRef = 55D3BD6224566EC9003030F0 /* Shop.swift */; };
		55D3BD6A24566ED6003030F0 /* Restaurant.swift in Sources */ = {isa = PBXBuildFile; fileRef = 55D3BD6924566ED6003030F0 /* Restaurant.swift */; };
		55D3BD6B24566ED6003030F0 /* Restaurant.swift in Sources */ = {isa = PBXBuildFile; fileRef = 55D3BD6924566ED6003030F0 /* Restaurant.swift */; };
		55D3BD6C24566ED6003030F0 /* Restaurant.swift in Sources */ = {isa = PBXBuildFile; fileRef = 55D3BD6924566ED6003030F0 /* Restaurant.swift */; };
		5A6B8CD0C532A2BB44447E99 /* Pods_iPark_AdminTests.framework in Frameworks */ = {isa = PBXBuildFile; fileRef = 6B3CFF60BD0EC995CB305F6F /* Pods_iPark_AdminTests.framework */; };
		93B9872A245DC6BC00555A8A /* ShopsView.swift in Sources */ = {isa = PBXBuildFile; fileRef = 93B98729245DC6BC00555A8A /* ShopsView.swift */; };
		93B9872C245DCDFF00555A8A /* RestaurantDetailView.swift in Sources */ = {isa = PBXBuildFile; fileRef = 93B9872B245DCDFF00555A8A /* RestaurantDetailView.swift */; };
		93B9872E245E2E8600555A8A /* EditShopView.swift in Sources */ = {isa = PBXBuildFile; fileRef = 93B9872D245E2E8600555A8A /* EditShopView.swift */; };
		F5178B265ED7210111A2C6CD /* Pods_iPark_Admin.framework in Frameworks */ = {isa = PBXBuildFile; fileRef = 7232C1271076B219F346F798 /* Pods_iPark_Admin.framework */; };
/* End PBXBuildFile section */

/* Begin PBXContainerItemProxy section */
		55474AF22412EA4700E7FC24 /* PBXContainerItemProxy */ = {
			isa = PBXContainerItemProxy;
			containerPortal = 55474AD32412EA4600E7FC24 /* Project object */;
			proxyType = 1;
			remoteGlobalIDString = 55474ADA2412EA4600E7FC24;
			remoteInfo = "iPark-Admin";
		};
		55474AFD2412EA4700E7FC24 /* PBXContainerItemProxy */ = {
			isa = PBXContainerItemProxy;
			containerPortal = 55474AD32412EA4600E7FC24 /* Project object */;
			proxyType = 1;
			remoteGlobalIDString = 55474ADA2412EA4600E7FC24;
			remoteInfo = "iPark-Admin";
		};
/* End PBXContainerItemProxy section */

/* Begin PBXFileReference section */
		18D508B27D7C12DF7572DE03 /* Pods-iPark-AdminTests.debug.xcconfig */ = {isa = PBXFileReference; includeInIndex = 1; lastKnownFileType = text.xcconfig; name = "Pods-iPark-AdminTests.debug.xcconfig"; path = "Target Support Files/Pods-iPark-AdminTests/Pods-iPark-AdminTests.debug.xcconfig"; sourceTree = "<group>"; };
		23B301ACF5B81E0E36ADAF42 /* Pods_iPark_Admin_iPark_AdminUITests.framework */ = {isa = PBXFileReference; explicitFileType = wrapper.framework; includeInIndex = 0; path = Pods_iPark_Admin_iPark_AdminUITests.framework; sourceTree = BUILT_PRODUCTS_DIR; };
		2D4E0085BC22FA15E6147729 /* Pods-iPark-Admin-iPark-AdminUITests.debug.xcconfig */ = {isa = PBXFileReference; includeInIndex = 1; lastKnownFileType = text.xcconfig; name = "Pods-iPark-Admin-iPark-AdminUITests.debug.xcconfig"; path = "Target Support Files/Pods-iPark-Admin-iPark-AdminUITests/Pods-iPark-Admin-iPark-AdminUITests.debug.xcconfig"; sourceTree = "<group>"; };
		55474ADB2412EA4600E7FC24 /* iPark-Admin.app */ = {isa = PBXFileReference; explicitFileType = wrapper.application; includeInIndex = 0; path = "iPark-Admin.app"; sourceTree = BUILT_PRODUCTS_DIR; };
		55474ADE2412EA4600E7FC24 /* AppDelegate.swift */ = {isa = PBXFileReference; lastKnownFileType = sourcecode.swift; path = AppDelegate.swift; sourceTree = "<group>"; };
		55474AE02412EA4600E7FC24 /* SceneDelegate.swift */ = {isa = PBXFileReference; lastKnownFileType = sourcecode.swift; path = SceneDelegate.swift; sourceTree = "<group>"; };
		55474AE22412EA4600E7FC24 /* ContentView.swift */ = {isa = PBXFileReference; lastKnownFileType = sourcecode.swift; path = ContentView.swift; sourceTree = "<group>"; };
		55474AE42412EA4700E7FC24 /* Assets.xcassets */ = {isa = PBXFileReference; lastKnownFileType = folder.assetcatalog; path = Assets.xcassets; sourceTree = "<group>"; };
		55474AE72412EA4700E7FC24 /* Preview Assets.xcassets */ = {isa = PBXFileReference; lastKnownFileType = folder.assetcatalog; path = "Preview Assets.xcassets"; sourceTree = "<group>"; };
		55474AEA2412EA4700E7FC24 /* Base */ = {isa = PBXFileReference; lastKnownFileType = file.storyboard; name = Base; path = Base.lproj/LaunchScreen.storyboard; sourceTree = "<group>"; };
		55474AEC2412EA4700E7FC24 /* Info.plist */ = {isa = PBXFileReference; lastKnownFileType = text.plist.xml; path = Info.plist; sourceTree = "<group>"; };
		55474AF12412EA4700E7FC24 /* iPark-AdminTests.xctest */ = {isa = PBXFileReference; explicitFileType = wrapper.cfbundle; includeInIndex = 0; path = "iPark-AdminTests.xctest"; sourceTree = BUILT_PRODUCTS_DIR; };
		55474AF52412EA4700E7FC24 /* iPark_AdminTests.swift */ = {isa = PBXFileReference; lastKnownFileType = sourcecode.swift; path = iPark_AdminTests.swift; sourceTree = "<group>"; };
		55474AF72412EA4700E7FC24 /* Info.plist */ = {isa = PBXFileReference; lastKnownFileType = text.plist.xml; path = Info.plist; sourceTree = "<group>"; };
		55474AFC2412EA4700E7FC24 /* iPark-AdminUITests.xctest */ = {isa = PBXFileReference; explicitFileType = wrapper.cfbundle; includeInIndex = 0; path = "iPark-AdminUITests.xctest"; sourceTree = BUILT_PRODUCTS_DIR; };
		55474B002412EA4700E7FC24 /* iPark_AdminUITests.swift */ = {isa = PBXFileReference; lastKnownFileType = sourcecode.swift; path = iPark_AdminUITests.swift; sourceTree = "<group>"; };
		55474B022412EA4700E7FC24 /* Info.plist */ = {isa = PBXFileReference; lastKnownFileType = text.plist.xml; path = Info.plist; sourceTree = "<group>"; };
		55474B0E2412EB1300E7FC24 /* GoogleService-Info.plist */ = {isa = PBXFileReference; fileEncoding = 4; lastKnownFileType = text.plist.xml; path = "GoogleService-Info.plist"; sourceTree = "<group>"; };
		55474B152412EF5F00E7FC24 /* HomeImage.swift */ = {isa = PBXFileReference; lastKnownFileType = sourcecode.swift; path = HomeImage.swift; sourceTree = "<group>"; };
		55A20FAE245B4FF40057AB30 /* FirebaseCollection.swift */ = {isa = PBXFileReference; lastKnownFileType = sourcecode.swift; path = FirebaseCollection.swift; sourceTree = "<group>"; };
		55A20FB2245B52350057AB30 /* ListofShops.swift */ = {isa = PBXFileReference; lastKnownFileType = sourcecode.swift; path = ListofShops.swift; sourceTree = SOURCE_ROOT; };
		55A20FB8245B561B0057AB30 /* .gitignore */ = {isa = PBXFileReference; lastKnownFileType = text; path = .gitignore; sourceTree = "<group>"; };
		55A20FBA245B79FC0057AB30 /* ShopDetailView.swift */ = {isa = PBXFileReference; lastKnownFileType = sourcecode.swift; name = ShopDetailView.swift; path = "iPark-Admin/ShopDetailView.swift"; sourceTree = SOURCE_ROOT; };
		55A20FBC245B9FA10057AB30 /* AddShopsView.swift */ = {isa = PBXFileReference; lastKnownFileType = sourcecode.swift; name = AddShopsView.swift; path = "iPark-Admin/AddShopsView.swift"; sourceTree = SOURCE_ROOT; };
		55A20FBE245BCE100057AB30 /* RestaurantsView.swift */ = {isa = PBXFileReference; lastKnownFileType = sourcecode.swift; name = RestaurantsView.swift; path = "iPark-Admin/RestaurantsView.swift"; sourceTree = SOURCE_ROOT; };
		55A20FC0245BD4F40057AB30 /* Updates.rtf */ = {isa = PBXFileReference; lastKnownFileType = text.rtf; path = Updates.rtf; sourceTree = "<group>"; };
		55D3BD6124566EC9003030F0 /* Ride.swift */ = {isa = PBXFileReference; fileEncoding = 4; lastKnownFileType = sourcecode.swift; path = Ride.swift; sourceTree = "<group>"; };
		55D3BD6224566EC9003030F0 /* Shop.swift */ = {isa = PBXFileReference; fileEncoding = 4; lastKnownFileType = sourcecode.swift; path = Shop.swift; sourceTree = "<group>"; };
		55D3BD6924566ED6003030F0 /* Restaurant.swift */ = {isa = PBXFileReference; fileEncoding = 4; lastKnownFileType = sourcecode.swift; path = Restaurant.swift; sourceTree = "<group>"; };
		5EF8FBC3D347E3C2AE93E445 /* Pods-iPark-Admin.debug.xcconfig */ = {isa = PBXFileReference; includeInIndex = 1; lastKnownFileType = text.xcconfig; name = "Pods-iPark-Admin.debug.xcconfig"; path = "Target Support Files/Pods-iPark-Admin/Pods-iPark-Admin.debug.xcconfig"; sourceTree = "<group>"; };
		6B3CFF60BD0EC995CB305F6F /* Pods_iPark_AdminTests.framework */ = {isa = PBXFileReference; explicitFileType = wrapper.framework; includeInIndex = 0; path = Pods_iPark_AdminTests.framework; sourceTree = BUILT_PRODUCTS_DIR; };
		7232C1271076B219F346F798 /* Pods_iPark_Admin.framework */ = {isa = PBXFileReference; explicitFileType = wrapper.framework; includeInIndex = 0; path = Pods_iPark_Admin.framework; sourceTree = BUILT_PRODUCTS_DIR; };
		84BCCC09CE57372AD2B2FF1A /* Pods-iPark-Admin.release.xcconfig */ = {isa = PBXFileReference; includeInIndex = 1; lastKnownFileType = text.xcconfig; name = "Pods-iPark-Admin.release.xcconfig"; path = "Target Support Files/Pods-iPark-Admin/Pods-iPark-Admin.release.xcconfig"; sourceTree = "<group>"; };
		8B370EE946C16A426B9F26D0 /* Pods-iPark-Admin-iPark-AdminUITests.release.xcconfig */ = {isa = PBXFileReference; includeInIndex = 1; lastKnownFileType = text.xcconfig; name = "Pods-iPark-Admin-iPark-AdminUITests.release.xcconfig"; path = "Target Support Files/Pods-iPark-Admin-iPark-AdminUITests/Pods-iPark-Admin-iPark-AdminUITests.release.xcconfig"; sourceTree = "<group>"; };
		93B98729245DC6BC00555A8A /* ShopsView.swift */ = {isa = PBXFileReference; lastKnownFileType = sourcecode.swift; path = ShopsView.swift; sourceTree = SOURCE_ROOT; };
		93B9872B245DCDFF00555A8A /* RestaurantDetailView.swift */ = {isa = PBXFileReference; lastKnownFileType = sourcecode.swift; path = RestaurantDetailView.swift; sourceTree = SOURCE_ROOT; };
		93B9872D245E2E8600555A8A /* EditShopView.swift */ = {isa = PBXFileReference; lastKnownFileType = sourcecode.swift; path = EditShopView.swift; sourceTree = SOURCE_ROOT; };
		D52122BF823F3E4B69058BC8 /* Pods-iPark-AdminTests.release.xcconfig */ = {isa = PBXFileReference; includeInIndex = 1; lastKnownFileType = text.xcconfig; name = "Pods-iPark-AdminTests.release.xcconfig"; path = "Target Support Files/Pods-iPark-AdminTests/Pods-iPark-AdminTests.release.xcconfig"; sourceTree = "<group>"; };
/* End PBXFileReference section */

/* Begin PBXFrameworksBuildPhase section */
		55474AD82412EA4600E7FC24 /* Frameworks */ = {
			isa = PBXFrameworksBuildPhase;
			buildActionMask = 2147483647;
			files = (
				F5178B265ED7210111A2C6CD /* Pods_iPark_Admin.framework in Frameworks */,
			);
			runOnlyForDeploymentPostprocessing = 0;
		};
		55474AEE2412EA4700E7FC24 /* Frameworks */ = {
			isa = PBXFrameworksBuildPhase;
			buildActionMask = 2147483647;
			files = (
				5A6B8CD0C532A2BB44447E99 /* Pods_iPark_AdminTests.framework in Frameworks */,
			);
			runOnlyForDeploymentPostprocessing = 0;
		};
		55474AF92412EA4700E7FC24 /* Frameworks */ = {
			isa = PBXFrameworksBuildPhase;
			buildActionMask = 2147483647;
			files = (
				01BB5B1708E7FDE616494A58 /* Pods_iPark_Admin_iPark_AdminUITests.framework in Frameworks */,
			);
			runOnlyForDeploymentPostprocessing = 0;
		};
/* End PBXFrameworksBuildPhase section */

/* Begin PBXGroup section */
		1AE34D4AA76BB00B3A2063B9 /* Frameworks */ = {
			isa = PBXGroup;
			children = (
				7232C1271076B219F346F798 /* Pods_iPark_Admin.framework */,
				23B301ACF5B81E0E36ADAF42 /* Pods_iPark_Admin_iPark_AdminUITests.framework */,
				6B3CFF60BD0EC995CB305F6F /* Pods_iPark_AdminTests.framework */,
			);
			name = Frameworks;
			sourceTree = "<group>";
		};
		55474AD22412EA4600E7FC24 = {
			isa = PBXGroup;
			children = (
				55474ADD2412EA4600E7FC24 /* iPark-Admin */,
				55474AF42412EA4700E7FC24 /* iPark-AdminTests */,
				55474AFF2412EA4700E7FC24 /* iPark-AdminUITests */,
				55474ADC2412EA4600E7FC24 /* Products */,
				BD46B84C97C0BCE55E23E194 /* Pods */,
				1AE34D4AA76BB00B3A2063B9 /* Frameworks */,
			);
			sourceTree = "<group>";
		};
		55474ADC2412EA4600E7FC24 /* Products */ = {
			isa = PBXGroup;
			children = (
				55474ADB2412EA4600E7FC24 /* iPark-Admin.app */,
				55474AF12412EA4700E7FC24 /* iPark-AdminTests.xctest */,
				55474AFC2412EA4700E7FC24 /* iPark-AdminUITests.xctest */,
			);
			name = Products;
			sourceTree = "<group>";
		};
		55474ADD2412EA4600E7FC24 /* iPark-Admin */ = {
			isa = PBXGroup;
			children = (
				55D3BD6024566EAE003030F0 /* Models */,
				55D3BD40245600A1003030F0 /* Session */,
				55474ADE2412EA4600E7FC24 /* AppDelegate.swift */,
				55474B122412ED7F00E7FC24 /* Views */,
				55474AE02412EA4600E7FC24 /* SceneDelegate.swift */,
				55474AE22412EA4600E7FC24 /* ContentView.swift */,
				55474AE42412EA4700E7FC24 /* Assets.xcassets */,
				55474AE92412EA4700E7FC24 /* LaunchScreen.storyboard */,
				55474B0E2412EB1300E7FC24 /* GoogleService-Info.plist */,
				55474B152412EF5F00E7FC24 /* HomeImage.swift */,
				55474AEC2412EA4700E7FC24 /* Info.plist */,
				55474AE62412EA4700E7FC24 /* Preview Content */,
				55A20FB8245B561B0057AB30 /* .gitignore */,
				55A20FC0245BD4F40057AB30 /* Updates.rtf */,
			);
			path = "iPark-Admin";
			sourceTree = "<group>";
		};
		55474AE62412EA4700E7FC24 /* Preview Content */ = {
			isa = PBXGroup;
			children = (
				55474AE72412EA4700E7FC24 /* Preview Assets.xcassets */,
			);
			path = "Preview Content";
			sourceTree = "<group>";
		};
		55474AF42412EA4700E7FC24 /* iPark-AdminTests */ = {
			isa = PBXGroup;
			children = (
				55474AF52412EA4700E7FC24 /* iPark_AdminTests.swift */,
				55474AF72412EA4700E7FC24 /* Info.plist */,
			);
			path = "iPark-AdminTests";
			sourceTree = "<group>";
		};
		55474AFF2412EA4700E7FC24 /* iPark-AdminUITests */ = {
			isa = PBXGroup;
			children = (
				55474B002412EA4700E7FC24 /* iPark_AdminUITests.swift */,
				55474B022412EA4700E7FC24 /* Info.plist */,
			);
			path = "iPark-AdminUITests";
			sourceTree = "<group>";
		};
		55474B122412ED7F00E7FC24 /* Views */ = {
			isa = PBXGroup;
			children = (
				55A20FB2245B52350057AB30 /* ListofShops.swift */,
				55A20FBA245B79FC0057AB30 /* ShopDetailView.swift */,
				55A20FBC245B9FA10057AB30 /* AddShopsView.swift */,
				55A20FBE245BCE100057AB30 /* RestaurantsView.swift */,
				93B98729245DC6BC00555A8A /* ShopsView.swift */,
				93B9872B245DCDFF00555A8A /* RestaurantDetailView.swift */,
				93B9872D245E2E8600555A8A /* EditShopView.swift */,
			);
			name = Views;
			path = Models/Views;
			sourceTree = "<group>";
		};
		55D3BD40245600A1003030F0 /* Session */ = {
			isa = PBXGroup;
			children = (
				55A20FAE245B4FF40057AB30 /* FirebaseCollection.swift */,
			);
			path = Session;
			sourceTree = "<group>";
		};
		55D3BD6024566EAE003030F0 /* Models */ = {
			isa = PBXGroup;
			children = (
				55D3BD6124566EC9003030F0 /* Ride.swift */,
				55D3BD6924566ED6003030F0 /* Restaurant.swift */,
				55D3BD6224566EC9003030F0 /* Shop.swift */,
			);
			path = Models;
			sourceTree = "<group>";
		};
		BD46B84C97C0BCE55E23E194 /* Pods */ = {
			isa = PBXGroup;
			children = (
				5EF8FBC3D347E3C2AE93E445 /* Pods-iPark-Admin.debug.xcconfig */,
				84BCCC09CE57372AD2B2FF1A /* Pods-iPark-Admin.release.xcconfig */,
				2D4E0085BC22FA15E6147729 /* Pods-iPark-Admin-iPark-AdminUITests.debug.xcconfig */,
				8B370EE946C16A426B9F26D0 /* Pods-iPark-Admin-iPark-AdminUITests.release.xcconfig */,
				18D508B27D7C12DF7572DE03 /* Pods-iPark-AdminTests.debug.xcconfig */,
				D52122BF823F3E4B69058BC8 /* Pods-iPark-AdminTests.release.xcconfig */,
			);
			path = Pods;
			sourceTree = "<group>";
		};
/* End PBXGroup section */

/* Begin PBXNativeTarget section */
		55474ADA2412EA4600E7FC24 /* iPark-Admin */ = {
			isa = PBXNativeTarget;
			buildConfigurationList = 55474B052412EA4700E7FC24 /* Build configuration list for PBXNativeTarget "iPark-Admin" */;
			buildPhases = (
				96E5DB9950F09333D7AAB97A /* [CP] Check Pods Manifest.lock */,
				55474AD72412EA4600E7FC24 /* Sources */,
				55474AD82412EA4600E7FC24 /* Frameworks */,
				55474AD92412EA4600E7FC24 /* Resources */,
				C03F4B38D42D15A7570D238A /* [CP] Embed Pods Frameworks */,
			);
			buildRules = (
			);
			dependencies = (
			);
			name = "iPark-Admin";
			productName = "iPark-Admin";
			productReference = 55474ADB2412EA4600E7FC24 /* iPark-Admin.app */;
			productType = "com.apple.product-type.application";
		};
		55474AF02412EA4700E7FC24 /* iPark-AdminTests */ = {
			isa = PBXNativeTarget;
			buildConfigurationList = 55474B082412EA4700E7FC24 /* Build configuration list for PBXNativeTarget "iPark-AdminTests" */;
			buildPhases = (
				39296A80FA6C37898FBEC2BC /* [CP] Check Pods Manifest.lock */,
				55474AED2412EA4700E7FC24 /* Sources */,
				55474AEE2412EA4700E7FC24 /* Frameworks */,
				55474AEF2412EA4700E7FC24 /* Resources */,
			);
			buildRules = (
			);
			dependencies = (
				55474AF32412EA4700E7FC24 /* PBXTargetDependency */,
			);
			name = "iPark-AdminTests";
			productName = "iPark-AdminTests";
			productReference = 55474AF12412EA4700E7FC24 /* iPark-AdminTests.xctest */;
			productType = "com.apple.product-type.bundle.unit-test";
		};
		55474AFB2412EA4700E7FC24 /* iPark-AdminUITests */ = {
			isa = PBXNativeTarget;
			buildConfigurationList = 55474B0B2412EA4700E7FC24 /* Build configuration list for PBXNativeTarget "iPark-AdminUITests" */;
			buildPhases = (
				17AB4A220AEB8E137AD13379 /* [CP] Check Pods Manifest.lock */,
				55474AF82412EA4700E7FC24 /* Sources */,
				55474AF92412EA4700E7FC24 /* Frameworks */,
				55474AFA2412EA4700E7FC24 /* Resources */,
				6F317B662B1078F3B8FC674E /* [CP] Embed Pods Frameworks */,
			);
			buildRules = (
			);
			dependencies = (
				55474AFE2412EA4700E7FC24 /* PBXTargetDependency */,
			);
			name = "iPark-AdminUITests";
			productName = "iPark-AdminUITests";
			productReference = 55474AFC2412EA4700E7FC24 /* iPark-AdminUITests.xctest */;
			productType = "com.apple.product-type.bundle.ui-testing";
		};
/* End PBXNativeTarget section */

/* Begin PBXProject section */
		55474AD32412EA4600E7FC24 /* Project object */ = {
			isa = PBXProject;
			attributes = {
				LastSwiftUpdateCheck = 1130;
				LastUpgradeCheck = 1130;
				ORGANIZATIONNAME = "Milan Chalishajarwala";
				TargetAttributes = {
					55474ADA2412EA4600E7FC24 = {
						CreatedOnToolsVersion = 11.3.1;
					};
					55474AF02412EA4700E7FC24 = {
						CreatedOnToolsVersion = 11.3.1;
						TestTargetID = 55474ADA2412EA4600E7FC24;
					};
					55474AFB2412EA4700E7FC24 = {
						CreatedOnToolsVersion = 11.3.1;
						TestTargetID = 55474ADA2412EA4600E7FC24;
					};
				};
			};
			buildConfigurationList = 55474AD62412EA4600E7FC24 /* Build configuration list for PBXProject "iPark-Admin" */;
			compatibilityVersion = "Xcode 9.3";
			developmentRegion = en;
			hasScannedForEncodings = 0;
			knownRegions = (
				en,
				Base,
			);
			mainGroup = 55474AD22412EA4600E7FC24;
			productRefGroup = 55474ADC2412EA4600E7FC24 /* Products */;
			projectDirPath = "";
			projectRoot = "";
			targets = (
				55474ADA2412EA4600E7FC24 /* iPark-Admin */,
				55474AF02412EA4700E7FC24 /* iPark-AdminTests */,
				55474AFB2412EA4700E7FC24 /* iPark-AdminUITests */,
			);
		};
/* End PBXProject section */

/* Begin PBXResourcesBuildPhase section */
		55474AD92412EA4600E7FC24 /* Resources */ = {
			isa = PBXResourcesBuildPhase;
			buildActionMask = 2147483647;
			files = (
				55A20FB9245B561B0057AB30 /* .gitignore in Resources */,
				55A20FC1245BD4F40057AB30 /* Updates.rtf in Resources */,
				55474AEB2412EA4700E7FC24 /* LaunchScreen.storyboard in Resources */,
				55474B0F2412EB1300E7FC24 /* GoogleService-Info.plist in Resources */,
				55474AE82412EA4700E7FC24 /* Preview Assets.xcassets in Resources */,
				55474AE52412EA4700E7FC24 /* Assets.xcassets in Resources */,
			);
			runOnlyForDeploymentPostprocessing = 0;
		};
		55474AEF2412EA4700E7FC24 /* Resources */ = {
			isa = PBXResourcesBuildPhase;
			buildActionMask = 2147483647;
			files = (
				55474B102412EB1300E7FC24 /* GoogleService-Info.plist in Resources */,
			);
			runOnlyForDeploymentPostprocessing = 0;
		};
		55474AFA2412EA4700E7FC24 /* Resources */ = {
			isa = PBXResourcesBuildPhase;
			buildActionMask = 2147483647;
			files = (
				55474B112412EB1300E7FC24 /* GoogleService-Info.plist in Resources */,
			);
			runOnlyForDeploymentPostprocessing = 0;
		};
/* End PBXResourcesBuildPhase section */

/* Begin PBXShellScriptBuildPhase section */
		17AB4A220AEB8E137AD13379 /* [CP] Check Pods Manifest.lock */ = {
			isa = PBXShellScriptBuildPhase;
			buildActionMask = 2147483647;
			files = (
			);
			inputFileListPaths = (
			);
			inputPaths = (
				"${PODS_PODFILE_DIR_PATH}/Podfile.lock",
				"${PODS_ROOT}/Manifest.lock",
			);
			name = "[CP] Check Pods Manifest.lock";
			outputFileListPaths = (
			);
			outputPaths = (
				"$(DERIVED_FILE_DIR)/Pods-iPark-Admin-iPark-AdminUITests-checkManifestLockResult.txt",
			);
			runOnlyForDeploymentPostprocessing = 0;
			shellPath = /bin/sh;
			shellScript = "diff \"${PODS_PODFILE_DIR_PATH}/Podfile.lock\" \"${PODS_ROOT}/Manifest.lock\" > /dev/null\nif [ $? != 0 ] ; then\n    # print error to STDERR\n    echo \"error: The sandbox is not in sync with the Podfile.lock. Run 'pod install' or update your CocoaPods installation.\" >&2\n    exit 1\nfi\n# This output is used by Xcode 'outputs' to avoid re-running this script phase.\necho \"SUCCESS\" > \"${SCRIPT_OUTPUT_FILE_0}\"\n";
			showEnvVarsInLog = 0;
		};
		39296A80FA6C37898FBEC2BC /* [CP] Check Pods Manifest.lock */ = {
			isa = PBXShellScriptBuildPhase;
			buildActionMask = 2147483647;
			files = (
			);
			inputFileListPaths = (
			);
			inputPaths = (
				"${PODS_PODFILE_DIR_PATH}/Podfile.lock",
				"${PODS_ROOT}/Manifest.lock",
			);
			name = "[CP] Check Pods Manifest.lock";
			outputFileListPaths = (
			);
			outputPaths = (
				"$(DERIVED_FILE_DIR)/Pods-iPark-AdminTests-checkManifestLockResult.txt",
			);
			runOnlyForDeploymentPostprocessing = 0;
			shellPath = /bin/sh;
			shellScript = "diff \"${PODS_PODFILE_DIR_PATH}/Podfile.lock\" \"${PODS_ROOT}/Manifest.lock\" > /dev/null\nif [ $? != 0 ] ; then\n    # print error to STDERR\n    echo \"error: The sandbox is not in sync with the Podfile.lock. Run 'pod install' or update your CocoaPods installation.\" >&2\n    exit 1\nfi\n# This output is used by Xcode 'outputs' to avoid re-running this script phase.\necho \"SUCCESS\" > \"${SCRIPT_OUTPUT_FILE_0}\"\n";
			showEnvVarsInLog = 0;
		};
		6F317B662B1078F3B8FC674E /* [CP] Embed Pods Frameworks */ = {
			isa = PBXShellScriptBuildPhase;
			buildActionMask = 2147483647;
			files = (
			);
			inputFileListPaths = (
				"${PODS_ROOT}/Target Support Files/Pods-iPark-Admin-iPark-AdminUITests/Pods-iPark-Admin-iPark-AdminUITests-frameworks-${CONFIGURATION}-input-files.xcfilelist",
			);
			name = "[CP] Embed Pods Frameworks";
			outputFileListPaths = (
				"${PODS_ROOT}/Target Support Files/Pods-iPark-Admin-iPark-AdminUITests/Pods-iPark-Admin-iPark-AdminUITests-frameworks-${CONFIGURATION}-output-files.xcfilelist",
			);
			runOnlyForDeploymentPostprocessing = 0;
			shellPath = /bin/sh;
			shellScript = "\"${PODS_ROOT}/Target Support Files/Pods-iPark-Admin-iPark-AdminUITests/Pods-iPark-Admin-iPark-AdminUITests-frameworks.sh\"\n";
			showEnvVarsInLog = 0;
		};
		96E5DB9950F09333D7AAB97A /* [CP] Check Pods Manifest.lock */ = {
			isa = PBXShellScriptBuildPhase;
			buildActionMask = 2147483647;
			files = (
			);
			inputFileListPaths = (
			);
			inputPaths = (
				"${PODS_PODFILE_DIR_PATH}/Podfile.lock",
				"${PODS_ROOT}/Manifest.lock",
			);
			name = "[CP] Check Pods Manifest.lock";
			outputFileListPaths = (
			);
			outputPaths = (
				"$(DERIVED_FILE_DIR)/Pods-iPark-Admin-checkManifestLockResult.txt",
			);
			runOnlyForDeploymentPostprocessing = 0;
			shellPath = /bin/sh;
			shellScript = "diff \"${PODS_PODFILE_DIR_PATH}/Podfile.lock\" \"${PODS_ROOT}/Manifest.lock\" > /dev/null\nif [ $? != 0 ] ; then\n    # print error to STDERR\n    echo \"error: The sandbox is not in sync with the Podfile.lock. Run 'pod install' or update your CocoaPods installation.\" >&2\n    exit 1\nfi\n# This output is used by Xcode 'outputs' to avoid re-running this script phase.\necho \"SUCCESS\" > \"${SCRIPT_OUTPUT_FILE_0}\"\n";
			showEnvVarsInLog = 0;
		};
		C03F4B38D42D15A7570D238A /* [CP] Embed Pods Frameworks */ = {
			isa = PBXShellScriptBuildPhase;
			buildActionMask = 2147483647;
			files = (
			);
			inputFileListPaths = (
				"${PODS_ROOT}/Target Support Files/Pods-iPark-Admin/Pods-iPark-Admin-frameworks-${CONFIGURATION}-input-files.xcfilelist",
			);
			name = "[CP] Embed Pods Frameworks";
			outputFileListPaths = (
				"${PODS_ROOT}/Target Support Files/Pods-iPark-Admin/Pods-iPark-Admin-frameworks-${CONFIGURATION}-output-files.xcfilelist",
			);
			runOnlyForDeploymentPostprocessing = 0;
			shellPath = /bin/sh;
			shellScript = "\"${PODS_ROOT}/Target Support Files/Pods-iPark-Admin/Pods-iPark-Admin-frameworks.sh\"\n";
			showEnvVarsInLog = 0;
		};
/* End PBXShellScriptBuildPhase section */

/* Begin PBXSourcesBuildPhase section */
		55474AD72412EA4600E7FC24 /* Sources */ = {
			isa = PBXSourcesBuildPhase;
			buildActionMask = 2147483647;
			files = (
				55474B162412EF5F00E7FC24 /* HomeImage.swift in Sources */,
				93B9872E245E2E8600555A8A /* EditShopView.swift in Sources */,
				55A20FBB245B79FC0057AB30 /* ShopDetailView.swift in Sources */,
				55A20FBD245B9FA10057AB30 /* AddShopsView.swift in Sources */,
				55474ADF2412EA4600E7FC24 /* AppDelegate.swift in Sources */,
				55A20FB3245B52350057AB30 /* ListofShops.swift in Sources */,
				93B9872A245DC6BC00555A8A /* ShopsView.swift in Sources */,
				55D3BD6324566EC9003030F0 /* Ride.swift in Sources */,
				55A20FAF245B4FF40057AB30 /* FirebaseCollection.swift in Sources */,
				93B9872C245DCDFF00555A8A /* RestaurantDetailView.swift in Sources */,
				55A20FBF245BCE100057AB30 /* RestaurantsView.swift in Sources */,
				55474AE12412EA4600E7FC24 /* SceneDelegate.swift in Sources */,
				55D3BD6A24566ED6003030F0 /* Restaurant.swift in Sources */,
				55474AE32412EA4600E7FC24 /* ContentView.swift in Sources */,
				55D3BD6624566EC9003030F0 /* Shop.swift in Sources */,
			);
			runOnlyForDeploymentPostprocessing = 0;
		};
		55474AED2412EA4700E7FC24 /* Sources */ = {
			isa = PBXSourcesBuildPhase;
			buildActionMask = 2147483647;
			files = (
				55D3BD6B24566ED6003030F0 /* Restaurant.swift in Sources */,
				55D3BD6724566EC9003030F0 /* Shop.swift in Sources */,
				55474AF62412EA4700E7FC24 /* iPark_AdminTests.swift in Sources */,
				55D3BD6424566EC9003030F0 /* Ride.swift in Sources */,
			);
			runOnlyForDeploymentPostprocessing = 0;
		};
		55474AF82412EA4700E7FC24 /* Sources */ = {
			isa = PBXSourcesBuildPhase;
			buildActionMask = 2147483647;
			files = (
				55D3BD6C24566ED6003030F0 /* Restaurant.swift in Sources */,
				55D3BD6824566EC9003030F0 /* Shop.swift in Sources */,
				55474B012412EA4700E7FC24 /* iPark_AdminUITests.swift in Sources */,
				55D3BD6524566EC9003030F0 /* Ride.swift in Sources */,
			);
			runOnlyForDeploymentPostprocessing = 0;
		};
/* End PBXSourcesBuildPhase section */

/* Begin PBXTargetDependency section */
		55474AF32412EA4700E7FC24 /* PBXTargetDependency */ = {
			isa = PBXTargetDependency;
			target = 55474ADA2412EA4600E7FC24 /* iPark-Admin */;
			targetProxy = 55474AF22412EA4700E7FC24 /* PBXContainerItemProxy */;
		};
		55474AFE2412EA4700E7FC24 /* PBXTargetDependency */ = {
			isa = PBXTargetDependency;
			target = 55474ADA2412EA4600E7FC24 /* iPark-Admin */;
			targetProxy = 55474AFD2412EA4700E7FC24 /* PBXContainerItemProxy */;
		};
/* End PBXTargetDependency section */

/* Begin PBXVariantGroup section */
		55474AE92412EA4700E7FC24 /* LaunchScreen.storyboard */ = {
			isa = PBXVariantGroup;
			children = (
				55474AEA2412EA4700E7FC24 /* Base */,
			);
			name = LaunchScreen.storyboard;
			sourceTree = "<group>";
		};
/* End PBXVariantGroup section */

/* Begin XCBuildConfiguration section */
		55474B032412EA4700E7FC24 /* Debug */ = {
			isa = XCBuildConfiguration;
			buildSettings = {
				ALWAYS_SEARCH_USER_PATHS = NO;
				CLANG_ANALYZER_NONNULL = YES;
				CLANG_ANALYZER_NUMBER_OBJECT_CONVERSION = YES_AGGRESSIVE;
				CLANG_CXX_LANGUAGE_STANDARD = "gnu++14";
				CLANG_CXX_LIBRARY = "libc++";
				CLANG_ENABLE_MODULES = YES;
				CLANG_ENABLE_OBJC_ARC = YES;
				CLANG_ENABLE_OBJC_WEAK = YES;
				CLANG_WARN_BLOCK_CAPTURE_AUTORELEASING = YES;
				CLANG_WARN_BOOL_CONVERSION = YES;
				CLANG_WARN_COMMA = YES;
				CLANG_WARN_CONSTANT_CONVERSION = YES;
				CLANG_WARN_DEPRECATED_OBJC_IMPLEMENTATIONS = YES;
				CLANG_WARN_DIRECT_OBJC_ISA_USAGE = YES_ERROR;
				CLANG_WARN_DOCUMENTATION_COMMENTS = YES;
				CLANG_WARN_EMPTY_BODY = YES;
				CLANG_WARN_ENUM_CONVERSION = YES;
				CLANG_WARN_INFINITE_RECURSION = YES;
				CLANG_WARN_INT_CONVERSION = YES;
				CLANG_WARN_NON_LITERAL_NULL_CONVERSION = YES;
				CLANG_WARN_OBJC_IMPLICIT_RETAIN_SELF = YES;
				CLANG_WARN_OBJC_LITERAL_CONVERSION = YES;
				CLANG_WARN_OBJC_ROOT_CLASS = YES_ERROR;
				CLANG_WARN_RANGE_LOOP_ANALYSIS = YES;
				CLANG_WARN_STRICT_PROTOTYPES = YES;
				CLANG_WARN_SUSPICIOUS_MOVE = YES;
				CLANG_WARN_UNGUARDED_AVAILABILITY = YES_AGGRESSIVE;
				CLANG_WARN_UNREACHABLE_CODE = YES;
				CLANG_WARN__DUPLICATE_METHOD_MATCH = YES;
				COPY_PHASE_STRIP = NO;
				DEBUG_INFORMATION_FORMAT = dwarf;
				ENABLE_STRICT_OBJC_MSGSEND = YES;
				ENABLE_TESTABILITY = YES;
				GCC_C_LANGUAGE_STANDARD = gnu11;
				GCC_DYNAMIC_NO_PIC = NO;
				GCC_NO_COMMON_BLOCKS = YES;
				GCC_OPTIMIZATION_LEVEL = 0;
				GCC_PREPROCESSOR_DEFINITIONS = (
					"DEBUG=1",
					"$(inherited)",
				);
				GCC_WARN_64_TO_32_BIT_CONVERSION = YES;
				GCC_WARN_ABOUT_RETURN_TYPE = YES_ERROR;
				GCC_WARN_UNDECLARED_SELECTOR = YES;
				GCC_WARN_UNINITIALIZED_AUTOS = YES_AGGRESSIVE;
				GCC_WARN_UNUSED_FUNCTION = YES;
				GCC_WARN_UNUSED_VARIABLE = YES;
				IPHONEOS_DEPLOYMENT_TARGET = 13.2;
				MTL_ENABLE_DEBUG_INFO = INCLUDE_SOURCE;
				MTL_FAST_MATH = YES;
				ONLY_ACTIVE_ARCH = YES;
				SDKROOT = iphoneos;
				SWIFT_ACTIVE_COMPILATION_CONDITIONS = DEBUG;
				SWIFT_OPTIMIZATION_LEVEL = "-Onone";
			};
			name = Debug;
		};
		55474B042412EA4700E7FC24 /* Release */ = {
			isa = XCBuildConfiguration;
			buildSettings = {
				ALWAYS_SEARCH_USER_PATHS = NO;
				CLANG_ANALYZER_NONNULL = YES;
				CLANG_ANALYZER_NUMBER_OBJECT_CONVERSION = YES_AGGRESSIVE;
				CLANG_CXX_LANGUAGE_STANDARD = "gnu++14";
				CLANG_CXX_LIBRARY = "libc++";
				CLANG_ENABLE_MODULES = YES;
				CLANG_ENABLE_OBJC_ARC = YES;
				CLANG_ENABLE_OBJC_WEAK = YES;
				CLANG_WARN_BLOCK_CAPTURE_AUTORELEASING = YES;
				CLANG_WARN_BOOL_CONVERSION = YES;
				CLANG_WARN_COMMA = YES;
				CLANG_WARN_CONSTANT_CONVERSION = YES;
				CLANG_WARN_DEPRECATED_OBJC_IMPLEMENTATIONS = YES;
				CLANG_WARN_DIRECT_OBJC_ISA_USAGE = YES_ERROR;
				CLANG_WARN_DOCUMENTATION_COMMENTS = YES;
				CLANG_WARN_EMPTY_BODY = YES;
				CLANG_WARN_ENUM_CONVERSION = YES;
				CLANG_WARN_INFINITE_RECURSION = YES;
				CLANG_WARN_INT_CONVERSION = YES;
				CLANG_WARN_NON_LITERAL_NULL_CONVERSION = YES;
				CLANG_WARN_OBJC_IMPLICIT_RETAIN_SELF = YES;
				CLANG_WARN_OBJC_LITERAL_CONVERSION = YES;
				CLANG_WARN_OBJC_ROOT_CLASS = YES_ERROR;
				CLANG_WARN_RANGE_LOOP_ANALYSIS = YES;
				CLANG_WARN_STRICT_PROTOTYPES = YES;
				CLANG_WARN_SUSPICIOUS_MOVE = YES;
				CLANG_WARN_UNGUARDED_AVAILABILITY = YES_AGGRESSIVE;
				CLANG_WARN_UNREACHABLE_CODE = YES;
				CLANG_WARN__DUPLICATE_METHOD_MATCH = YES;
				COPY_PHASE_STRIP = NO;
				DEBUG_INFORMATION_FORMAT = "dwarf-with-dsym";
				ENABLE_NS_ASSERTIONS = NO;
				ENABLE_STRICT_OBJC_MSGSEND = YES;
				GCC_C_LANGUAGE_STANDARD = gnu11;
				GCC_NO_COMMON_BLOCKS = YES;
				GCC_WARN_64_TO_32_BIT_CONVERSION = YES;
				GCC_WARN_ABOUT_RETURN_TYPE = YES_ERROR;
				GCC_WARN_UNDECLARED_SELECTOR = YES;
				GCC_WARN_UNINITIALIZED_AUTOS = YES_AGGRESSIVE;
				GCC_WARN_UNUSED_FUNCTION = YES;
				GCC_WARN_UNUSED_VARIABLE = YES;
				IPHONEOS_DEPLOYMENT_TARGET = 13.2;
				MTL_ENABLE_DEBUG_INFO = NO;
				MTL_FAST_MATH = YES;
				SDKROOT = iphoneos;
				SWIFT_COMPILATION_MODE = wholemodule;
				SWIFT_OPTIMIZATION_LEVEL = "-O";
				VALIDATE_PRODUCT = YES;
			};
			name = Release;
		};
		55474B062412EA4700E7FC24 /* Debug */ = {
			isa = XCBuildConfiguration;
			baseConfigurationReference = 5EF8FBC3D347E3C2AE93E445 /* Pods-iPark-Admin.debug.xcconfig */;
			buildSettings = {
				ASSETCATALOG_COMPILER_APPICON_NAME = AppIcon;
				CODE_SIGN_STYLE = Automatic;
				DEVELOPMENT_ASSET_PATHS = "\"iPark-Admin/Preview Content\"";
				ENABLE_PREVIEWS = YES;
				INFOPLIST_FILE = "iPark-Admin/Info.plist";
				LD_RUNPATH_SEARCH_PATHS = (
					"$(inherited)",
					"@executable_path/Frameworks",
				);
				PRODUCT_BUNDLE_IDENTIFIER = "UNH.iPark-Admin";
				PRODUCT_NAME = "$(TARGET_NAME)";
				SWIFT_VERSION = 5.0;
				TARGETED_DEVICE_FAMILY = "1,2";
			};
			name = Debug;
		};
		55474B072412EA4700E7FC24 /* Release */ = {
			isa = XCBuildConfiguration;
			baseConfigurationReference = 84BCCC09CE57372AD2B2FF1A /* Pods-iPark-Admin.release.xcconfig */;
			buildSettings = {
				ASSETCATALOG_COMPILER_APPICON_NAME = AppIcon;
				CODE_SIGN_STYLE = Automatic;
				DEVELOPMENT_ASSET_PATHS = "\"iPark-Admin/Preview Content\"";
				ENABLE_PREVIEWS = YES;
				INFOPLIST_FILE = "iPark-Admin/Info.plist";
				LD_RUNPATH_SEARCH_PATHS = (
					"$(inherited)",
					"@executable_path/Frameworks",
				);
				PRODUCT_BUNDLE_IDENTIFIER = "UNH.iPark-Admin";
				PRODUCT_NAME = "$(TARGET_NAME)";
				SWIFT_VERSION = 5.0;
				TARGETED_DEVICE_FAMILY = "1,2";
			};
			name = Release;
		};
		55474B092412EA4700E7FC24 /* Debug */ = {
			isa = XCBuildConfiguration;
			baseConfigurationReference = 18D508B27D7C12DF7572DE03 /* Pods-iPark-AdminTests.debug.xcconfig */;
			buildSettings = {
				ALWAYS_EMBED_SWIFT_STANDARD_LIBRARIES = YES;
				BUNDLE_LOADER = "$(TEST_HOST)";
				CODE_SIGN_STYLE = Automatic;
				INFOPLIST_FILE = "iPark-AdminTests/Info.plist";
				IPHONEOS_DEPLOYMENT_TARGET = 13.2;
				LD_RUNPATH_SEARCH_PATHS = (
					"$(inherited)",
					"@executable_path/Frameworks",
					"@loader_path/Frameworks",
				);
				PRODUCT_BUNDLE_IDENTIFIER = "UNH.iPark-AdminTests";
				PRODUCT_NAME = "$(TARGET_NAME)";
				SWIFT_VERSION = 5.0;
				TARGETED_DEVICE_FAMILY = "1,2";
				TEST_HOST = "$(BUILT_PRODUCTS_DIR)/iPark-Admin.app/iPark-Admin";
			};
			name = Debug;
		};
		55474B0A2412EA4700E7FC24 /* Release */ = {
			isa = XCBuildConfiguration;
			baseConfigurationReference = D52122BF823F3E4B69058BC8 /* Pods-iPark-AdminTests.release.xcconfig */;
			buildSettings = {
				ALWAYS_EMBED_SWIFT_STANDARD_LIBRARIES = YES;
				BUNDLE_LOADER = "$(TEST_HOST)";
				CODE_SIGN_STYLE = Automatic;
				INFOPLIST_FILE = "iPark-AdminTests/Info.plist";
				IPHONEOS_DEPLOYMENT_TARGET = 13.2;
				LD_RUNPATH_SEARCH_PATHS = (
					"$(inherited)",
					"@executable_path/Frameworks",
					"@loader_path/Frameworks",
				);
				PRODUCT_BUNDLE_IDENTIFIER = "UNH.iPark-AdminTests";
				PRODUCT_NAME = "$(TARGET_NAME)";
				SWIFT_VERSION = 5.0;
				TARGETED_DEVICE_FAMILY = "1,2";
				TEST_HOST = "$(BUILT_PRODUCTS_DIR)/iPark-Admin.app/iPark-Admin";
			};
			name = Release;
		};
		55474B0C2412EA4700E7FC24 /* Debug */ = {
			isa = XCBuildConfiguration;
			baseConfigurationReference = 2D4E0085BC22FA15E6147729 /* Pods-iPark-Admin-iPark-AdminUITests.debug.xcconfig */;
			buildSettings = {
				ALWAYS_EMBED_SWIFT_STANDARD_LIBRARIES = YES;
				CODE_SIGN_STYLE = Automatic;
				INFOPLIST_FILE = "iPark-AdminUITests/Info.plist";
				LD_RUNPATH_SEARCH_PATHS = (
					"$(inherited)",
					"@executable_path/Frameworks",
					"@loader_path/Frameworks",
				);
				PRODUCT_BUNDLE_IDENTIFIER = "UNH.iPark-AdminUITests";
				PRODUCT_NAME = "$(TARGET_NAME)";
				SWIFT_VERSION = 5.0;
				TARGETED_DEVICE_FAMILY = "1,2";
				TEST_TARGET_NAME = "iPark-Admin";
			};
			name = Debug;
		};
		55474B0D2412EA4700E7FC24 /* Release */ = {
			isa = XCBuildConfiguration;
			baseConfigurationReference = 8B370EE946C16A426B9F26D0 /* Pods-iPark-Admin-iPark-AdminUITests.release.xcconfig */;
			buildSettings = {
				ALWAYS_EMBED_SWIFT_STANDARD_LIBRARIES = YES;
				CODE_SIGN_STYLE = Automatic;
				INFOPLIST_FILE = "iPark-AdminUITests/Info.plist";
				LD_RUNPATH_SEARCH_PATHS = (
					"$(inherited)",
					"@executable_path/Frameworks",
					"@loader_path/Frameworks",
				);
				PRODUCT_BUNDLE_IDENTIFIER = "UNH.iPark-AdminUITests";
				PRODUCT_NAME = "$(TARGET_NAME)";
				SWIFT_VERSION = 5.0;
				TARGETED_DEVICE_FAMILY = "1,2";
				TEST_TARGET_NAME = "iPark-Admin";
			};
			name = Release;
		};
/* End XCBuildConfiguration section */

/* Begin XCConfigurationList section */
		55474AD62412EA4600E7FC24 /* Build configuration list for PBXProject "iPark-Admin" */ = {
			isa = XCConfigurationList;
			buildConfigurations = (
				55474B032412EA4700E7FC24 /* Debug */,
				55474B042412EA4700E7FC24 /* Release */,
			);
			defaultConfigurationIsVisible = 0;
			defaultConfigurationName = Release;
		};
		55474B052412EA4700E7FC24 /* Build configuration list for PBXNativeTarget "iPark-Admin" */ = {
			isa = XCConfigurationList;
			buildConfigurations = (
				55474B062412EA4700E7FC24 /* Debug */,
				55474B072412EA4700E7FC24 /* Release */,
			);
			defaultConfigurationIsVisible = 0;
			defaultConfigurationName = Release;
		};
		55474B082412EA4700E7FC24 /* Build configuration list for PBXNativeTarget "iPark-AdminTests" */ = {
			isa = XCConfigurationList;
			buildConfigurations = (
				55474B092412EA4700E7FC24 /* Debug */,
				55474B0A2412EA4700E7FC24 /* Release */,
			);
			defaultConfigurationIsVisible = 0;
			defaultConfigurationName = Release;
		};
		55474B0B2412EA4700E7FC24 /* Build configuration list for PBXNativeTarget "iPark-AdminUITests" */ = {
			isa = XCConfigurationList;
			buildConfigurations = (
				55474B0C2412EA4700E7FC24 /* Debug */,
				55474B0D2412EA4700E7FC24 /* Release */,
			);
			defaultConfigurationIsVisible = 0;
			defaultConfigurationName = Release;
		};
/* End XCConfigurationList section */
	};
	rootObject = 55474AD32412EA4600E7FC24 /* Project object */;
}
