// !$*UTF8*$!
{
	archiveVersion = 1;
	classes = {
	};
	objectVersion = 51;
	objects = {

/* Begin PBXBuildFile section */
		2E481CEC624D9D92C562E15E /* Pods_iParkTests.framework in Frameworks */ = {isa = PBXBuildFile; fileRef = 89C7D4DB8F8C31460C9F0FB0 /* Pods_iParkTests.framework */; };
		55095F132411635500A7EB8A /* homeimage.jpeg in Resources */ = {isa = PBXBuildFile; fileRef = 55095F122411635500A7EB8A /* homeimage.jpeg */; };
		55095F16241164D600A7EB8A /* Circleimage.swift in Sources */ = {isa = PBXBuildFile; fileRef = 55095F15241164D600A7EB8A /* Circleimage.swift */; };
		552B223F245F40FE008EEA7F /* Tickets.swift in Sources */ = {isa = PBXBuildFile; fileRef = 552B223E245F40FE008EEA7F /* Tickets.swift */; };
		552B2241245F470F008EEA7F /* Summary.swift in Sources */ = {isa = PBXBuildFile; fileRef = 552B2240245F470F008EEA7F /* Summary.swift */; };
		552B2245246078E8008EEA7F /* park.jpg in Resources */ = {isa = PBXBuildFile; fileRef = 552B2244246078E8008EEA7F /* park.jpg */; };
		552B22492460AACC008EEA7F /* UserDetails.swift in Sources */ = {isa = PBXBuildFile; fileRef = 552B22482460AACC008EEA7F /* UserDetails.swift */; };
		5543F30824586EFC000AE9F0 /* Login.swift in Sources */ = {isa = PBXBuildFile; fileRef = 5543F30724586EFC000AE9F0 /* Login.swift */; };
		5543F30D245878D1000AE9F0 /* FirebaseCollection.swift in Sources */ = {isa = PBXBuildFile; fileRef = 5543F30C245878D1000AE9F0 /* FirebaseCollection.swift */; };
		556477572460B4B000300FD2 /* Ticket.swift in Sources */ = {isa = PBXBuildFile; fileRef = 556477562460B4B000300FD2 /* Ticket.swift */; };
		556477592460B69000300FD2 /* UserTickets.swift in Sources */ = {isa = PBXBuildFile; fileRef = 556477582460B69000300FD2 /* UserTickets.swift */; };
		55A20FB7245B551B0057AB30 /* .gitignore in Resources */ = {isa = PBXBuildFile; fileRef = 55A20FB6245B551B0057AB30 /* .gitignore */; };
		55C2F29D245DF50200F3214A /* SessionStore.swift in Sources */ = {isa = PBXBuildFile; fileRef = 55C2F29C245DF50200F3214A /* SessionStore.swift */; };
		55C2F29F245DF53500F3214A /* ContentView.swift in Sources */ = {isa = PBXBuildFile; fileRef = 55C2F29E245DF53400F3214A /* ContentView.swift */; };
		55C2F2A1245DF54C00F3214A /* AuthView.swift in Sources */ = {isa = PBXBuildFile; fileRef = 55C2F2A0245DF54B00F3214A /* AuthView.swift */; };
		55C2F2A3245E02BD00F3214A /* TicketsView.swift in Sources */ = {isa = PBXBuildFile; fileRef = 55C2F2A2245E02BD00F3214A /* TicketsView.swift */; };
		55C2F2A5245E06FC00F3214A /* SingleTicketView.swift in Sources */ = {isa = PBXBuildFile; fileRef = 55C2F2A4245E06FC00F3214A /* SingleTicketView.swift */; };
		55C2F2A7245E070C00F3214A /* YearlyPassView.swift in Sources */ = {isa = PBXBuildFile; fileRef = 55C2F2A6245E070C00F3214A /* YearlyPassView.swift */; };
		55D662D82460D6D10082BCBB /* GoogleService-Info.plist in Resources */ = {isa = PBXBuildFile; fileRef = 55D662D72460D6D10082BCBB /* GoogleService-Info.plist */; };
		55E9D2392461E80D006F115E /* UserTicketView.swift in Sources */ = {isa = PBXBuildFile; fileRef = 55E9D2382461E80D006F115E /* UserTicketView.swift */; };
		55E9D23B24620228006F115E /* Summary_Pass.swift in Sources */ = {isa = PBXBuildFile; fileRef = 55E9D23A24620228006F115E /* Summary_Pass.swift */; };
		55E9D23D24620F75006F115E /* Pass.swift in Sources */ = {isa = PBXBuildFile; fileRef = 55E9D23C24620F75006F115E /* Pass.swift */; };
		55E9D2412462528A006F115E /* UserPassView.swift in Sources */ = {isa = PBXBuildFile; fileRef = 55E9D2402462528A006F115E /* UserPassView.swift */; };
		55E9D2432462765F006F115E /* Homepage.swift in Sources */ = {isa = PBXBuildFile; fileRef = 55E9D2422462765F006F115E /* Homepage.swift */; };
		55E9D245246342DC006F115E /* InfoPage.swift in Sources */ = {isa = PBXBuildFile; fileRef = 55E9D244246342DC006F115E /* InfoPage.swift */; };
		55E9D24724634D1F006F115E /* ShopsView.swift in Sources */ = {isa = PBXBuildFile; fileRef = 55E9D24624634D1F006F115E /* ShopsView.swift */; };
		55E9D24924634F52006F115E /* RestaurantsView.swift in Sources */ = {isa = PBXBuildFile; fileRef = 55E9D24824634F52006F115E /* RestaurantsView.swift */; };
		55E9D24B24634F68006F115E /* RidesView.swift in Sources */ = {isa = PBXBuildFile; fileRef = 55E9D24A24634F68006F115E /* RidesView.swift */; };
		55E9D24D2463546E006F115E /* RestaurantsDetailsView.swift in Sources */ = {isa = PBXBuildFile; fileRef = 55E9D24C2463546E006F115E /* RestaurantsDetailsView.swift */; };
		55E9D24F24635D3C006F115E /* ShopsDetailsView.swift in Sources */ = {isa = PBXBuildFile; fileRef = 55E9D24E24635D3C006F115E /* ShopsDetailsView.swift */; };
		55E9D25124635E32006F115E /* RidesDetailsView.swift in Sources */ = {isa = PBXBuildFile; fileRef = 55E9D25024635E32006F115E /* RidesDetailsView.swift */; };
		55E9D2532463690A006F115E /* ShopItem.swift in Sources */ = {isa = PBXBuildFile; fileRef = 55E9D2522463690A006F115E /* ShopItem.swift */; };
		55E9D25524636A9A006F115E /* ShopItemsView.swift in Sources */ = {isa = PBXBuildFile; fileRef = 55E9D25424636A9A006F115E /* ShopItemsView.swift */; };
		55E9D25924636B78006F115E /* MenuItem.swift in Sources */ = {isa = PBXBuildFile; fileRef = 55E9D25824636B78006F115E /* MenuItem.swift */; };
		55E9D25B2463781D006F115E /* MenuItems.swift in Sources */ = {isa = PBXBuildFile; fileRef = 55E9D25A2463781D006F115E /* MenuItems.swift */; };
		55E9D25D2463BD59006F115E /* IconImage.swift in Sources */ = {isa = PBXBuildFile; fileRef = 55E9D25C2463BD59006F115E /* IconImage.swift */; };
		55F36B8E2458D5630083E3FE /* Shop.swift in Sources */ = {isa = PBXBuildFile; fileRef = 55F36B8B2458D5630083E3FE /* Shop.swift */; };
		55F36B8F2458D5630083E3FE /* Ride.swift in Sources */ = {isa = PBXBuildFile; fileRef = 55F36B8C2458D5630083E3FE /* Ride.swift */; };
		55F36B902458D5630083E3FE /* Restaurant.swift in Sources */ = {isa = PBXBuildFile; fileRef = 55F36B8D2458D5630083E3FE /* Restaurant.swift */; };
		55F36B9924590E300083E3FE /* ContainerController.swift in Sources */ = {isa = PBXBuildFile; fileRef = 55F36B9824590E300083E3FE /* ContainerController.swift */; };
		55F36B9B24590E700083E3FE /* MenuController.swift in Sources */ = {isa = PBXBuildFile; fileRef = 55F36B9A24590E700083E3FE /* MenuController.swift */; };
		55F36B9D24590E870083E3FE /* HomeController.swift in Sources */ = {isa = PBXBuildFile; fileRef = 55F36B9C24590E870083E3FE /* HomeController.swift */; };
		55F36B9F245917F00083E3FE /* SignUp.swift in Sources */ = {isa = PBXBuildFile; fileRef = 55F36B9E245917F00083E3FE /* SignUp.swift */; };
		55F36BA124591F8C0083E3FE /* UserPage.swift in Sources */ = {isa = PBXBuildFile; fileRef = 55F36BA024591F8C0083E3FE /* UserPage.swift */; };
		931E901B23FDD18900964A58 /* AppDelegate.swift in Sources */ = {isa = PBXBuildFile; fileRef = 931E901A23FDD18900964A58 /* AppDelegate.swift */; };
		931E901D23FDD18900964A58 /* SceneDelegate.swift in Sources */ = {isa = PBXBuildFile; fileRef = 931E901C23FDD18900964A58 /* SceneDelegate.swift */; };
		931E902123FDD19000964A58 /* Assets.xcassets in Resources */ = {isa = PBXBuildFile; fileRef = 931E902023FDD19000964A58 /* Assets.xcassets */; };
		931E902423FDD19000964A58 /* Preview Assets.xcassets in Resources */ = {isa = PBXBuildFile; fileRef = 931E902323FDD19000964A58 /* Preview Assets.xcassets */; };
		931E902723FDD19000964A58 /* LaunchScreen.storyboard in Resources */ = {isa = PBXBuildFile; fileRef = 931E902523FDD19000964A58 /* LaunchScreen.storyboard */; };
		931E903223FDD19100964A58 /* iParkTests.swift in Sources */ = {isa = PBXBuildFile; fileRef = 931E903123FDD19100964A58 /* iParkTests.swift */; };
		931E903D23FDD19100964A58 /* iParkUITests.swift in Sources */ = {isa = PBXBuildFile; fileRef = 931E903C23FDD19100964A58 /* iParkUITests.swift */; };
		E0353794E463C48962E696CC /* Pods_iPark.framework in Frameworks */ = {isa = PBXBuildFile; fileRef = 54CE6EE5DF39A7816BBD1F6A /* Pods_iPark.framework */; };
		F8A466CF6DA242C53B7F97CB /* Pods_iPark_iParkUITests.framework in Frameworks */ = {isa = PBXBuildFile; fileRef = BC40C70ACAFA319C247E0BD8 /* Pods_iPark_iParkUITests.framework */; };
/* End PBXBuildFile section */

/* Begin PBXContainerItemProxy section */
		556C5DB823FDDBA600F40EE2 /* PBXContainerItemProxy */ = {
			isa = PBXContainerItemProxy;
			containerPortal = 931E900F23FDD18900964A58 /* Project object */;
			proxyType = 1;
			remoteGlobalIDString = 931E901623FDD18900964A58;
			remoteInfo = iPark;
		};
		55A0953023FDE2CE0010E607 /* PBXContainerItemProxy */ = {
			isa = PBXContainerItemProxy;
			containerPortal = 931E900F23FDD18900964A58 /* Project object */;
			proxyType = 1;
			remoteGlobalIDString = 931E901623FDD18900964A58;
			remoteInfo = iPark;
		};
		931E902E23FDD19100964A58 /* PBXContainerItemProxy */ = {
			isa = PBXContainerItemProxy;
			containerPortal = 931E900F23FDD18900964A58 /* Project object */;
			proxyType = 1;
			remoteGlobalIDString = 931E901623FDD18900964A58;
			remoteInfo = iPark;
		};
		931E903923FDD19100964A58 /* PBXContainerItemProxy */ = {
			isa = PBXContainerItemProxy;
			containerPortal = 931E900F23FDD18900964A58 /* Project object */;
			proxyType = 1;
			remoteGlobalIDString = 931E901623FDD18900964A58;
			remoteInfo = iPark;
		};
/* End PBXContainerItemProxy section */

/* Begin PBXFileReference section */
		27C3A75B2511C6A8DF3C2756 /* Pods-iPark-iParkUITests.debug.xcconfig */ = {isa = PBXFileReference; includeInIndex = 1; lastKnownFileType = text.xcconfig; name = "Pods-iPark-iParkUITests.debug.xcconfig"; path = "Target Support Files/Pods-iPark-iParkUITests/Pods-iPark-iParkUITests.debug.xcconfig"; sourceTree = "<group>"; };
		54CE6EE5DF39A7816BBD1F6A /* Pods_iPark.framework */ = {isa = PBXFileReference; explicitFileType = wrapper.framework; includeInIndex = 0; path = Pods_iPark.framework; sourceTree = BUILT_PRODUCTS_DIR; };
		55095F122411635500A7EB8A /* homeimage.jpeg */ = {isa = PBXFileReference; lastKnownFileType = image.jpeg; name = homeimage.jpeg; path = iPark/Resources/homeimage.jpeg; sourceTree = SOURCE_ROOT; };
		55095F15241164D600A7EB8A /* Circleimage.swift */ = {isa = PBXFileReference; lastKnownFileType = sourcecode.swift; path = Circleimage.swift; sourceTree = "<group>"; };
		552B223E245F40FE008EEA7F /* Tickets.swift */ = {isa = PBXFileReference; lastKnownFileType = sourcecode.swift; path = Tickets.swift; sourceTree = "<group>"; };
		552B2240245F470F008EEA7F /* Summary.swift */ = {isa = PBXFileReference; lastKnownFileType = sourcecode.swift; path = Summary.swift; sourceTree = "<group>"; };
		552B2244246078E8008EEA7F /* park.jpg */ = {isa = PBXFileReference; lastKnownFileType = image.jpeg; path = park.jpg; sourceTree = "<group>"; };
		552B22482460AACC008EEA7F /* UserDetails.swift */ = {isa = PBXFileReference; lastKnownFileType = sourcecode.swift; path = UserDetails.swift; sourceTree = "<group>"; };
		5543F30724586EFC000AE9F0 /* Login.swift */ = {isa = PBXFileReference; lastKnownFileType = sourcecode.swift; path = Login.swift; sourceTree = "<group>"; };
		5543F30C245878D1000AE9F0 /* FirebaseCollection.swift */ = {isa = PBXFileReference; lastKnownFileType = sourcecode.swift; path = FirebaseCollection.swift; sourceTree = "<group>"; };
		556477562460B4B000300FD2 /* Ticket.swift */ = {isa = PBXFileReference; lastKnownFileType = sourcecode.swift; path = Ticket.swift; sourceTree = "<group>"; };
		556477582460B69000300FD2 /* UserTickets.swift */ = {isa = PBXFileReference; lastKnownFileType = sourcecode.swift; path = UserTickets.swift; sourceTree = "<group>"; };
		556C5DB323FDDBA600F40EE2 /* newTestItemInitFails.xctest */ = {isa = PBXFileReference; explicitFileType = wrapper.cfbundle; includeInIndex = 0; path = newTestItemInitFails.xctest; sourceTree = BUILT_PRODUCTS_DIR; };
		55A0952B23FDE2CE0010E607 /* newTestInvalidValues.xctest */ = {isa = PBXFileReference; explicitFileType = wrapper.cfbundle; includeInIndex = 0; path = newTestInvalidValues.xctest; sourceTree = BUILT_PRODUCTS_DIR; };
		55A20FB6245B551B0057AB30 /* .gitignore */ = {isa = PBXFileReference; lastKnownFileType = text; path = .gitignore; sourceTree = "<group>"; };
		55C2F29C245DF50200F3214A /* SessionStore.swift */ = {isa = PBXFileReference; fileEncoding = 4; lastKnownFileType = sourcecode.swift; name = SessionStore.swift; path = iPark/SessionStore.swift; sourceTree = SOURCE_ROOT; };
		55C2F29E245DF53400F3214A /* ContentView.swift */ = {isa = PBXFileReference; fileEncoding = 4; lastKnownFileType = sourcecode.swift; path = ContentView.swift; sourceTree = "<group>"; };
		55C2F2A0245DF54B00F3214A /* AuthView.swift */ = {isa = PBXFileReference; fileEncoding = 4; lastKnownFileType = sourcecode.swift; path = AuthView.swift; sourceTree = "<group>"; };
		55C2F2A2245E02BD00F3214A /* TicketsView.swift */ = {isa = PBXFileReference; lastKnownFileType = sourcecode.swift; path = TicketsView.swift; sourceTree = "<group>"; };
		55C2F2A4245E06FC00F3214A /* SingleTicketView.swift */ = {isa = PBXFileReference; lastKnownFileType = sourcecode.swift; path = SingleTicketView.swift; sourceTree = "<group>"; };
		55C2F2A6245E070C00F3214A /* YearlyPassView.swift */ = {isa = PBXFileReference; lastKnownFileType = sourcecode.swift; path = YearlyPassView.swift; sourceTree = "<group>"; };
		55D662D72460D6D10082BCBB /* GoogleService-Info.plist */ = {isa = PBXFileReference; fileEncoding = 4; lastKnownFileType = text.plist.xml; name = "GoogleService-Info.plist"; path = "../../../../../GoogleService-Info.plist"; sourceTree = "<group>"; };
		55E9D2382461E80D006F115E /* UserTicketView.swift */ = {isa = PBXFileReference; lastKnownFileType = sourcecode.swift; path = UserTicketView.swift; sourceTree = "<group>"; };
		55E9D23A24620228006F115E /* Summary_Pass.swift */ = {isa = PBXFileReference; lastKnownFileType = sourcecode.swift; path = Summary_Pass.swift; sourceTree = "<group>"; };
		55E9D23C24620F75006F115E /* Pass.swift */ = {isa = PBXFileReference; lastKnownFileType = sourcecode.swift; path = Pass.swift; sourceTree = "<group>"; };
		55E9D2402462528A006F115E /* UserPassView.swift */ = {isa = PBXFileReference; lastKnownFileType = sourcecode.swift; path = UserPassView.swift; sourceTree = "<group>"; };
		55E9D2422462765F006F115E /* Homepage.swift */ = {isa = PBXFileReference; lastKnownFileType = sourcecode.swift; path = Homepage.swift; sourceTree = "<group>"; };
		55E9D244246342DC006F115E /* InfoPage.swift */ = {isa = PBXFileReference; lastKnownFileType = sourcecode.swift; path = InfoPage.swift; sourceTree = "<group>"; };
		55E9D24624634D1F006F115E /* ShopsView.swift */ = {isa = PBXFileReference; lastKnownFileType = sourcecode.swift; path = ShopsView.swift; sourceTree = "<group>"; };
		55E9D24824634F52006F115E /* RestaurantsView.swift */ = {isa = PBXFileReference; lastKnownFileType = sourcecode.swift; path = RestaurantsView.swift; sourceTree = "<group>"; };
		55E9D24A24634F68006F115E /* RidesView.swift */ = {isa = PBXFileReference; lastKnownFileType = sourcecode.swift; path = RidesView.swift; sourceTree = "<group>"; };
		55E9D24C2463546E006F115E /* RestaurantsDetailsView.swift */ = {isa = PBXFileReference; lastKnownFileType = sourcecode.swift; path = RestaurantsDetailsView.swift; sourceTree = "<group>"; };
		55E9D24E24635D3C006F115E /* ShopsDetailsView.swift */ = {isa = PBXFileReference; lastKnownFileType = sourcecode.swift; path = ShopsDetailsView.swift; sourceTree = "<group>"; };
		55E9D25024635E32006F115E /* RidesDetailsView.swift */ = {isa = PBXFileReference; lastKnownFileType = sourcecode.swift; path = RidesDetailsView.swift; sourceTree = "<group>"; };
		55E9D2522463690A006F115E /* ShopItem.swift */ = {isa = PBXFileReference; lastKnownFileType = sourcecode.swift; path = ShopItem.swift; sourceTree = "<group>"; };
		55E9D25424636A9A006F115E /* ShopItemsView.swift */ = {isa = PBXFileReference; lastKnownFileType = sourcecode.swift; path = ShopItemsView.swift; sourceTree = "<group>"; };
		55E9D25824636B78006F115E /* MenuItem.swift */ = {isa = PBXFileReference; lastKnownFileType = sourcecode.swift; path = MenuItem.swift; sourceTree = "<group>"; };
		55E9D25A2463781D006F115E /* MenuItems.swift */ = {isa = PBXFileReference; lastKnownFileType = sourcecode.swift; path = MenuItems.swift; sourceTree = "<group>"; };
		55E9D25C2463BD59006F115E /* IconImage.swift */ = {isa = PBXFileReference; lastKnownFileType = sourcecode.swift; path = IconImage.swift; sourceTree = "<group>"; };
		55F36B8B2458D5630083E3FE /* Shop.swift */ = {isa = PBXFileReference; fileEncoding = 4; lastKnownFileType = sourcecode.swift; path = Shop.swift; sourceTree = "<group>"; };
		55F36B8C2458D5630083E3FE /* Ride.swift */ = {isa = PBXFileReference; fileEncoding = 4; lastKnownFileType = sourcecode.swift; path = Ride.swift; sourceTree = "<group>"; };
		55F36B8D2458D5630083E3FE /* Restaurant.swift */ = {isa = PBXFileReference; fileEncoding = 4; lastKnownFileType = sourcecode.swift; path = Restaurant.swift; sourceTree = "<group>"; };
		55F36B9824590E300083E3FE /* ContainerController.swift */ = {isa = PBXFileReference; lastKnownFileType = sourcecode.swift; path = ContainerController.swift; sourceTree = "<group>"; };
		55F36B9A24590E700083E3FE /* MenuController.swift */ = {isa = PBXFileReference; lastKnownFileType = sourcecode.swift; path = MenuController.swift; sourceTree = "<group>"; };
		55F36B9C24590E870083E3FE /* HomeController.swift */ = {isa = PBXFileReference; lastKnownFileType = sourcecode.swift; path = HomeController.swift; sourceTree = "<group>"; };
		55F36B9E245917F00083E3FE /* SignUp.swift */ = {isa = PBXFileReference; lastKnownFileType = sourcecode.swift; path = SignUp.swift; sourceTree = "<group>"; };
		55F36BA024591F8C0083E3FE /* UserPage.swift */ = {isa = PBXFileReference; lastKnownFileType = sourcecode.swift; path = UserPage.swift; sourceTree = "<group>"; };
		89C7D4DB8F8C31460C9F0FB0 /* Pods_iParkTests.framework */ = {isa = PBXFileReference; explicitFileType = wrapper.framework; includeInIndex = 0; path = Pods_iParkTests.framework; sourceTree = BUILT_PRODUCTS_DIR; };
		8DF535EDCC2F6C1DBAB4E6EC /* Pods-iParkTests.debug.xcconfig */ = {isa = PBXFileReference; includeInIndex = 1; lastKnownFileType = text.xcconfig; name = "Pods-iParkTests.debug.xcconfig"; path = "Target Support Files/Pods-iParkTests/Pods-iParkTests.debug.xcconfig"; sourceTree = "<group>"; };
		931E901723FDD18900964A58 /* iPark.app */ = {isa = PBXFileReference; explicitFileType = wrapper.application; includeInIndex = 0; path = iPark.app; sourceTree = BUILT_PRODUCTS_DIR; };
		931E901A23FDD18900964A58 /* AppDelegate.swift */ = {isa = PBXFileReference; lastKnownFileType = sourcecode.swift; path = AppDelegate.swift; sourceTree = "<group>"; };
		931E901C23FDD18900964A58 /* SceneDelegate.swift */ = {isa = PBXFileReference; lastKnownFileType = sourcecode.swift; path = SceneDelegate.swift; sourceTree = "<group>"; };
		931E902023FDD19000964A58 /* Assets.xcassets */ = {isa = PBXFileReference; lastKnownFileType = folder.assetcatalog; path = Assets.xcassets; sourceTree = "<group>"; };
		931E902323FDD19000964A58 /* Preview Assets.xcassets */ = {isa = PBXFileReference; lastKnownFileType = folder.assetcatalog; path = "Preview Assets.xcassets"; sourceTree = "<group>"; };
		931E902623FDD19000964A58 /* Base */ = {isa = PBXFileReference; lastKnownFileType = file.storyboard; name = Base; path = Base.lproj/LaunchScreen.storyboard; sourceTree = "<group>"; };
		931E902823FDD19000964A58 /* Info.plist */ = {isa = PBXFileReference; lastKnownFileType = text.plist.xml; path = Info.plist; sourceTree = "<group>"; };
		931E902D23FDD19100964A58 /* iParkTests.xctest */ = {isa = PBXFileReference; explicitFileType = wrapper.cfbundle; includeInIndex = 0; path = iParkTests.xctest; sourceTree = BUILT_PRODUCTS_DIR; };
		931E903123FDD19100964A58 /* iParkTests.swift */ = {isa = PBXFileReference; lastKnownFileType = sourcecode.swift; path = iParkTests.swift; sourceTree = "<group>"; };
		931E903323FDD19100964A58 /* Info.plist */ = {isa = PBXFileReference; lastKnownFileType = text.plist.xml; path = Info.plist; sourceTree = "<group>"; };
		931E903823FDD19100964A58 /* iParkUITests.xctest */ = {isa = PBXFileReference; explicitFileType = wrapper.cfbundle; includeInIndex = 0; path = iParkUITests.xctest; sourceTree = BUILT_PRODUCTS_DIR; };
		931E903C23FDD19100964A58 /* iParkUITests.swift */ = {isa = PBXFileReference; lastKnownFileType = sourcecode.swift; path = iParkUITests.swift; sourceTree = "<group>"; };
		931E903E23FDD19100964A58 /* Info.plist */ = {isa = PBXFileReference; lastKnownFileType = text.plist.xml; path = Info.plist; sourceTree = "<group>"; };
		BC40C70ACAFA319C247E0BD8 /* Pods_iPark_iParkUITests.framework */ = {isa = PBXFileReference; explicitFileType = wrapper.framework; includeInIndex = 0; path = Pods_iPark_iParkUITests.framework; sourceTree = BUILT_PRODUCTS_DIR; };
		C8293C2CEFA24A903EDBE179 /* Pods-iPark.release.xcconfig */ = {isa = PBXFileReference; includeInIndex = 1; lastKnownFileType = text.xcconfig; name = "Pods-iPark.release.xcconfig"; path = "Target Support Files/Pods-iPark/Pods-iPark.release.xcconfig"; sourceTree = "<group>"; };
		E29CE3AA67088E38622E431C /* Pods-iParkTests.release.xcconfig */ = {isa = PBXFileReference; includeInIndex = 1; lastKnownFileType = text.xcconfig; name = "Pods-iParkTests.release.xcconfig"; path = "Target Support Files/Pods-iParkTests/Pods-iParkTests.release.xcconfig"; sourceTree = "<group>"; };
		EA691E6A11722D6007A42A78 /* Pods-iPark.debug.xcconfig */ = {isa = PBXFileReference; includeInIndex = 1; lastKnownFileType = text.xcconfig; name = "Pods-iPark.debug.xcconfig"; path = "Target Support Files/Pods-iPark/Pods-iPark.debug.xcconfig"; sourceTree = "<group>"; };
		ECC015739A5BB5D6F2696119 /* Pods-iPark-iParkUITests.release.xcconfig */ = {isa = PBXFileReference; includeInIndex = 1; lastKnownFileType = text.xcconfig; name = "Pods-iPark-iParkUITests.release.xcconfig"; path = "Target Support Files/Pods-iPark-iParkUITests/Pods-iPark-iParkUITests.release.xcconfig"; sourceTree = "<group>"; };
/* End PBXFileReference section */

/* Begin PBXFrameworksBuildPhase section */
		556C5DB023FDDBA600F40EE2 /* Frameworks */ = {
			isa = PBXFrameworksBuildPhase;
			buildActionMask = 2147483647;
			files = (
			);
			runOnlyForDeploymentPostprocessing = 0;
		};
		55A0952823FDE2CE0010E607 /* Frameworks */ = {
			isa = PBXFrameworksBuildPhase;
			buildActionMask = 2147483647;
			files = (
			);
			runOnlyForDeploymentPostprocessing = 0;
		};
		931E901423FDD18900964A58 /* Frameworks */ = {
			isa = PBXFrameworksBuildPhase;
			buildActionMask = 2147483647;
			files = (
				E0353794E463C48962E696CC /* Pods_iPark.framework in Frameworks */,
			);
			runOnlyForDeploymentPostprocessing = 0;
		};
		931E902A23FDD19100964A58 /* Frameworks */ = {
			isa = PBXFrameworksBuildPhase;
			buildActionMask = 2147483647;
			files = (
				2E481CEC624D9D92C562E15E /* Pods_iParkTests.framework in Frameworks */,
			);
			runOnlyForDeploymentPostprocessing = 0;
		};
		931E903523FDD19100964A58 /* Frameworks */ = {
			isa = PBXFrameworksBuildPhase;
			buildActionMask = 2147483647;
			files = (
				F8A466CF6DA242C53B7F97CB /* Pods_iPark_iParkUITests.framework in Frameworks */,
			);
			runOnlyForDeploymentPostprocessing = 0;
		};
/* End PBXFrameworksBuildPhase section */

/* Begin PBXGroup section */
		1D5104CFC5E8B1C484A1B3EF /* Frameworks */ = {
			isa = PBXGroup;
			children = (
				54CE6EE5DF39A7816BBD1F6A /* Pods_iPark.framework */,
				BC40C70ACAFA319C247E0BD8 /* Pods_iPark_iParkUITests.framework */,
				89C7D4DB8F8C31460C9F0FB0 /* Pods_iParkTests.framework */,
			);
			name = Frameworks;
			sourceTree = "<group>";
		};
		55095F142411637400A7EB8A /* Resources */ = {
			isa = PBXGroup;
			children = (
				552B2244246078E8008EEA7F /* park.jpg */,
				55095F122411635500A7EB8A /* homeimage.jpeg */,
			);
			path = Resources;
			sourceTree = "<group>";
		};
		55095F1924117EB600A7EB8A /* Views */ = {
			isa = PBXGroup;
			children = (
				55F36B892458D5480083E3FE /* New Group */,
			);
			path = Views;
			sourceTree = "<group>";
		};
		5543F30B245878A7000AE9F0 /* Controller */ = {
			isa = PBXGroup;
			children = (
				55C2F29C245DF50200F3214A /* SessionStore.swift */,
				5543F30C245878D1000AE9F0 /* FirebaseCollection.swift */,
				552B223E245F40FE008EEA7F /* Tickets.swift */,
			);
			path = Controller;
			sourceTree = "<group>";
		};
		55F36B772458D4FF0083E3FE /* Views */ = {
			isa = PBXGroup;
			children = (
				55F36BA024591F8C0083E3FE /* UserPage.swift */,
				55F36B9E245917F00083E3FE /* SignUp.swift */,
				5543F30724586EFC000AE9F0 /* Login.swift */,
			);
			name = Views;
			path = Resources/Views;
			sourceTree = "<group>";
		};
		55F36B892458D5480083E3FE /* New Group */ = {
			isa = PBXGroup;
			children = (
			);
			path = "New Group";
			sourceTree = "<group>";
		};
		55F36B8A2458D5540083E3FE /* Models */ = {
			isa = PBXGroup;
			children = (
				55F36B8D2458D5630083E3FE /* Restaurant.swift */,
				552B22482460AACC008EEA7F /* UserDetails.swift */,
				55F36B8C2458D5630083E3FE /* Ride.swift */,
				556477562460B4B000300FD2 /* Ticket.swift */,
				55E9D23C24620F75006F115E /* Pass.swift */,
				55F36B8B2458D5630083E3FE /* Shop.swift */,
				55E9D2522463690A006F115E /* ShopItem.swift */,
				55E9D25824636B78006F115E /* MenuItem.swift */,
			);
			path = Models;
			sourceTree = "<group>";
		};
		55F36B9124590AF80083E3FE /* Controllers */ = {
			isa = PBXGroup;
			children = (
				55F36B9824590E300083E3FE /* ContainerController.swift */,
				55F36B9A24590E700083E3FE /* MenuController.swift */,
				55F36B9C24590E870083E3FE /* HomeController.swift */,
			);
			path = Controllers;
			sourceTree = "<group>";
		};
		612947D4F1E371EB8C26451E /* Pods */ = {
			isa = PBXGroup;
			children = (
				EA691E6A11722D6007A42A78 /* Pods-iPark.debug.xcconfig */,
				C8293C2CEFA24A903EDBE179 /* Pods-iPark.release.xcconfig */,
				27C3A75B2511C6A8DF3C2756 /* Pods-iPark-iParkUITests.debug.xcconfig */,
				ECC015739A5BB5D6F2696119 /* Pods-iPark-iParkUITests.release.xcconfig */,
				8DF535EDCC2F6C1DBAB4E6EC /* Pods-iParkTests.debug.xcconfig */,
				E29CE3AA67088E38622E431C /* Pods-iParkTests.release.xcconfig */,
			);
			path = Pods;
			sourceTree = "<group>";
		};
		931E900E23FDD18900964A58 = {
			isa = PBXGroup;
			children = (
				931E901923FDD18900964A58 /* iPark */,
				931E903023FDD19100964A58 /* iParkTests */,
				931E903B23FDD19100964A58 /* iParkUITests */,
				931E901823FDD18900964A58 /* Products */,
				1D5104CFC5E8B1C484A1B3EF /* Frameworks */,
				612947D4F1E371EB8C26451E /* Pods */,
			);
			sourceTree = "<group>";
		};
		931E901823FDD18900964A58 /* Products */ = {
			isa = PBXGroup;
			children = (
				931E901723FDD18900964A58 /* iPark.app */,
				931E902D23FDD19100964A58 /* iParkTests.xctest */,
				931E903823FDD19100964A58 /* iParkUITests.xctest */,
				556C5DB323FDDBA600F40EE2 /* newTestItemInitFails.xctest */,
				55A0952B23FDE2CE0010E607 /* newTestInvalidValues.xctest */,
			);
			name = Products;
			sourceTree = "<group>";
		};
		931E901923FDD18900964A58 /* iPark */ = {
			isa = PBXGroup;
			children = (
				55A20FB6245B551B0057AB30 /* .gitignore */,
				55F36B9124590AF80083E3FE /* Controllers */,
				55F36B8A2458D5540083E3FE /* Models */,
				55F36B772458D4FF0083E3FE /* Views */,
				5543F30B245878A7000AE9F0 /* Controller */,
				55095F1924117EB600A7EB8A /* Views */,
				55095F142411637400A7EB8A /* Resources */,
				931E901A23FDD18900964A58 /* AppDelegate.swift */,
				552B2240245F470F008EEA7F /* Summary.swift */,
				55E9D23A24620228006F115E /* Summary_Pass.swift */,
				55C2F2A2245E02BD00F3214A /* TicketsView.swift */,
				55E9D2382461E80D006F115E /* UserTicketView.swift */,
				55E9D2402462528A006F115E /* UserPassView.swift */,
				55E9D2422462765F006F115E /* Homepage.swift */,
				55E9D24824634F52006F115E /* RestaurantsView.swift */,
				55E9D25A2463781D006F115E /* MenuItems.swift */,
				55E9D24624634D1F006F115E /* ShopsView.swift */,
				55C2F2A0245DF54B00F3214A /* AuthView.swift */,
				55E9D24C2463546E006F115E /* RestaurantsDetailsView.swift */,
				55E9D24A24634F68006F115E /* RidesView.swift */,
				55E9D25024635E32006F115E /* RidesDetailsView.swift */,
				55E9D244246342DC006F115E /* InfoPage.swift */,
				55E9D24E24635D3C006F115E /* ShopsDetailsView.swift */,
				55E9D25424636A9A006F115E /* ShopItemsView.swift */,
				556477582460B69000300FD2 /* UserTickets.swift */,
				55D662D72460D6D10082BCBB /* GoogleService-Info.plist */,
				55C2F2A6245E070C00F3214A /* YearlyPassView.swift */,
				55C2F2A4245E06FC00F3214A /* SingleTicketView.swift */,
				55C2F29E245DF53400F3214A /* ContentView.swift */,
				931E901C23FDD18900964A58 /* SceneDelegate.swift */,
				931E902023FDD19000964A58 /* Assets.xcassets */,
				931E902523FDD19000964A58 /* LaunchScreen.storyboard */,
				931E902823FDD19000964A58 /* Info.plist */,
				931E902223FDD19000964A58 /* Preview Content */,
				55095F15241164D600A7EB8A /* Circleimage.swift */,
				55E9D25C2463BD59006F115E /* IconImage.swift */,
			);
			path = iPark;
			sourceTree = "<group>";
		};
		931E902223FDD19000964A58 /* Preview Content */ = {
			isa = PBXGroup;
			children = (
				931E902323FDD19000964A58 /* Preview Assets.xcassets */,
			);
			path = "Preview Content";
			sourceTree = "<group>";
		};
		931E903023FDD19100964A58 /* iParkTests */ = {
			isa = PBXGroup;
			children = (
				931E903123FDD19100964A58 /* iParkTests.swift */,
				931E903323FDD19100964A58 /* Info.plist */,
			);
			path = iParkTests;
			sourceTree = "<group>";
		};
		931E903B23FDD19100964A58 /* iParkUITests */ = {
			isa = PBXGroup;
			children = (
				931E903C23FDD19100964A58 /* iParkUITests.swift */,
				931E903E23FDD19100964A58 /* Info.plist */,
			);
			path = iParkUITests;
			sourceTree = "<group>";
		};
/* End PBXGroup section */

/* Begin PBXNativeTarget section */
		556C5DB223FDDBA600F40EE2 /* newTestItemInitFails */ = {
			isa = PBXNativeTarget;
			buildConfigurationList = 556C5DBC23FDDBA600F40EE2 /* Build configuration list for PBXNativeTarget "newTestItemInitFails" */;
			buildPhases = (
				556C5DAF23FDDBA600F40EE2 /* Sources */,
				556C5DB023FDDBA600F40EE2 /* Frameworks */,
				556C5DB123FDDBA600F40EE2 /* Resources */,
			);
			buildRules = (
			);
			dependencies = (
				556C5DB923FDDBA600F40EE2 /* PBXTargetDependency */,
			);
			name = newTestItemInitFails;
			productName = newTestItemInitFails;
			productReference = 556C5DB323FDDBA600F40EE2 /* newTestItemInitFails.xctest */;
			productType = "com.apple.product-type.bundle.unit-test";
		};
		55A0952A23FDE2CE0010E607 /* newTestInvalidValues */ = {
			isa = PBXNativeTarget;
			buildConfigurationList = 55A0953423FDE2CE0010E607 /* Build configuration list for PBXNativeTarget "newTestInvalidValues" */;
			buildPhases = (
				55A0952723FDE2CE0010E607 /* Sources */,
				55A0952823FDE2CE0010E607 /* Frameworks */,
				55A0952923FDE2CE0010E607 /* Resources */,
			);
			buildRules = (
			);
			dependencies = (
				55A0953123FDE2CE0010E607 /* PBXTargetDependency */,
			);
			name = newTestInvalidValues;
			productName = newTestInvalidValues;
			productReference = 55A0952B23FDE2CE0010E607 /* newTestInvalidValues.xctest */;
			productType = "com.apple.product-type.bundle.unit-test";
		};
		931E901623FDD18900964A58 /* iPark */ = {
			isa = PBXNativeTarget;
			buildConfigurationList = 931E904123FDD19100964A58 /* Build configuration list for PBXNativeTarget "iPark" */;
			buildPhases = (
				1A017D5205BD8254A023DEF3 /* [CP] Check Pods Manifest.lock */,
				931E901323FDD18900964A58 /* Sources */,
				931E901423FDD18900964A58 /* Frameworks */,
				931E901523FDD18900964A58 /* Resources */,
				4603EB0E4A02E95E05B0F010 /* [CP] Embed Pods Frameworks */,
			);
			buildRules = (
			);
			dependencies = (
			);
			name = iPark;
			productName = iPark;
			productReference = 931E901723FDD18900964A58 /* iPark.app */;
			productType = "com.apple.product-type.application";
		};
		931E902C23FDD19100964A58 /* iParkTests */ = {
			isa = PBXNativeTarget;
			buildConfigurationList = 931E904423FDD19100964A58 /* Build configuration list for PBXNativeTarget "iParkTests" */;
			buildPhases = (
				37858E756F08D03A984FD1B4 /* [CP] Check Pods Manifest.lock */,
				931E902923FDD19100964A58 /* Sources */,
				931E902A23FDD19100964A58 /* Frameworks */,
				931E902B23FDD19100964A58 /* Resources */,
			);
			buildRules = (
			);
			dependencies = (
				931E902F23FDD19100964A58 /* PBXTargetDependency */,
			);
			name = iParkTests;
			productName = iParkTests;
			productReference = 931E902D23FDD19100964A58 /* iParkTests.xctest */;
			productType = "com.apple.product-type.bundle.unit-test";
		};
		931E903723FDD19100964A58 /* iParkUITests */ = {
			isa = PBXNativeTarget;
			buildConfigurationList = 931E904723FDD19100964A58 /* Build configuration list for PBXNativeTarget "iParkUITests" */;
			buildPhases = (
				FA6981C626468FC4071D7FF1 /* [CP] Check Pods Manifest.lock */,
				931E903423FDD19100964A58 /* Sources */,
				931E903523FDD19100964A58 /* Frameworks */,
				931E903623FDD19100964A58 /* Resources */,
				56703749D9D7ACD0C557713D /* [CP] Embed Pods Frameworks */,
			);
			buildRules = (
			);
			dependencies = (
				931E903A23FDD19100964A58 /* PBXTargetDependency */,
			);
			name = iParkUITests;
			productName = iParkUITests;
			productReference = 931E903823FDD19100964A58 /* iParkUITests.xctest */;
			productType = "com.apple.product-type.bundle.ui-testing";
		};
/* End PBXNativeTarget section */

/* Begin PBXProject section */
		931E900F23FDD18900964A58 /* Project object */ = {
			isa = PBXProject;
			attributes = {
				LastSwiftUpdateCheck = 1130;
				LastUpgradeCheck = 1130;
				ORGANIZATIONNAME = "Krunal Mistry";
				TargetAttributes = {
					556C5DB223FDDBA600F40EE2 = {
						CreatedOnToolsVersion = 11.3.1;
						TestTargetID = 931E901623FDD18900964A58;
					};
					55A0952A23FDE2CE0010E607 = {
						CreatedOnToolsVersion = 11.3.1;
						TestTargetID = 931E901623FDD18900964A58;
					};
					931E901623FDD18900964A58 = {
						CreatedOnToolsVersion = 11.3.1;
					};
					931E902C23FDD19100964A58 = {
						CreatedOnToolsVersion = 11.3.1;
						TestTargetID = 931E901623FDD18900964A58;
					};
					931E903723FDD19100964A58 = {
						CreatedOnToolsVersion = 11.3.1;
						TestTargetID = 931E901623FDD18900964A58;
					};
				};
			};
			buildConfigurationList = 931E901223FDD18900964A58 /* Build configuration list for PBXProject "iPark" */;
			compatibilityVersion = "Xcode 9.3";
			developmentRegion = en;
			hasScannedForEncodings = 0;
			knownRegions = (
				en,
				Base,
			);
			mainGroup = 931E900E23FDD18900964A58;
			productRefGroup = 931E901823FDD18900964A58 /* Products */;
			projectDirPath = "";
			projectRoot = "";
			targets = (
				931E901623FDD18900964A58 /* iPark */,
				931E902C23FDD19100964A58 /* iParkTests */,
				931E903723FDD19100964A58 /* iParkUITests */,
				556C5DB223FDDBA600F40EE2 /* newTestItemInitFails */,
				55A0952A23FDE2CE0010E607 /* newTestInvalidValues */,
			);
		};
/* End PBXProject section */

/* Begin PBXResourcesBuildPhase section */
		556C5DB123FDDBA600F40EE2 /* Resources */ = {
			isa = PBXResourcesBuildPhase;
			buildActionMask = 2147483647;
			files = (
			);
			runOnlyForDeploymentPostprocessing = 0;
		};
		55A0952923FDE2CE0010E607 /* Resources */ = {
			isa = PBXResourcesBuildPhase;
			buildActionMask = 2147483647;
			files = (
			);
			runOnlyForDeploymentPostprocessing = 0;
		};
		931E901523FDD18900964A58 /* Resources */ = {
			isa = PBXResourcesBuildPhase;
			buildActionMask = 2147483647;
			files = (
				55095F132411635500A7EB8A /* homeimage.jpeg in Resources */,
				931E902723FDD19000964A58 /* LaunchScreen.storyboard in Resources */,
				552B2245246078E8008EEA7F /* park.jpg in Resources */,
				931E902423FDD19000964A58 /* Preview Assets.xcassets in Resources */,
				55A20FB7245B551B0057AB30 /* .gitignore in Resources */,
				931E902123FDD19000964A58 /* Assets.xcassets in Resources */,
				55D662D82460D6D10082BCBB /* GoogleService-Info.plist in Resources */,
			);
			runOnlyForDeploymentPostprocessing = 0;
		};
		931E902B23FDD19100964A58 /* Resources */ = {
			isa = PBXResourcesBuildPhase;
			buildActionMask = 2147483647;
			files = (
			);
			runOnlyForDeploymentPostprocessing = 0;
		};
		931E903623FDD19100964A58 /* Resources */ = {
			isa = PBXResourcesBuildPhase;
			buildActionMask = 2147483647;
			files = (
			);
			runOnlyForDeploymentPostprocessing = 0;
		};
/* End PBXResourcesBuildPhase section */

/* Begin PBXShellScriptBuildPhase section */
		1A017D5205BD8254A023DEF3 /* [CP] Check Pods Manifest.lock */ = {
			isa = PBXShellScriptBuildPhase;
			buildActionMask = 2147483647;
			files = (
			);
			inputFileListPaths = (
			);
			inputPaths = (
				"${PODS_PODFILE_DIR_PATH}/Podfile.lock",
				"${PODS_ROOT}/Manifest.lock",
			);
			name = "[CP] Check Pods Manifest.lock";
			outputFileListPaths = (
			);
			outputPaths = (
				"$(DERIVED_FILE_DIR)/Pods-iPark-checkManifestLockResult.txt",
			);
			runOnlyForDeploymentPostprocessing = 0;
			shellPath = /bin/sh;
			shellScript = "diff \"${PODS_PODFILE_DIR_PATH}/Podfile.lock\" \"${PODS_ROOT}/Manifest.lock\" > /dev/null\nif [ $? != 0 ] ; then\n    # print error to STDERR\n    echo \"error: The sandbox is not in sync with the Podfile.lock. Run 'pod install' or update your CocoaPods installation.\" >&2\n    exit 1\nfi\n# This output is used by Xcode 'outputs' to avoid re-running this script phase.\necho \"SUCCESS\" > \"${SCRIPT_OUTPUT_FILE_0}\"\n";
			showEnvVarsInLog = 0;
		};
		37858E756F08D03A984FD1B4 /* [CP] Check Pods Manifest.lock */ = {
			isa = PBXShellScriptBuildPhase;
			buildActionMask = 2147483647;
			files = (
			);
			inputFileListPaths = (
			);
			inputPaths = (
				"${PODS_PODFILE_DIR_PATH}/Podfile.lock",
				"${PODS_ROOT}/Manifest.lock",
			);
			name = "[CP] Check Pods Manifest.lock";
			outputFileListPaths = (
			);
			outputPaths = (
				"$(DERIVED_FILE_DIR)/Pods-iParkTests-checkManifestLockResult.txt",
			);
			runOnlyForDeploymentPostprocessing = 0;
			shellPath = /bin/sh;
			shellScript = "diff \"${PODS_PODFILE_DIR_PATH}/Podfile.lock\" \"${PODS_ROOT}/Manifest.lock\" > /dev/null\nif [ $? != 0 ] ; then\n    # print error to STDERR\n    echo \"error: The sandbox is not in sync with the Podfile.lock. Run 'pod install' or update your CocoaPods installation.\" >&2\n    exit 1\nfi\n# This output is used by Xcode 'outputs' to avoid re-running this script phase.\necho \"SUCCESS\" > \"${SCRIPT_OUTPUT_FILE_0}\"\n";
			showEnvVarsInLog = 0;
		};
		4603EB0E4A02E95E05B0F010 /* [CP] Embed Pods Frameworks */ = {
			isa = PBXShellScriptBuildPhase;
			buildActionMask = 2147483647;
			files = (
			);
			inputFileListPaths = (
				"${PODS_ROOT}/Target Support Files/Pods-iPark/Pods-iPark-frameworks-${CONFIGURATION}-input-files.xcfilelist",
			);
			name = "[CP] Embed Pods Frameworks";
			outputFileListPaths = (
				"${PODS_ROOT}/Target Support Files/Pods-iPark/Pods-iPark-frameworks-${CONFIGURATION}-output-files.xcfilelist",
			);
			runOnlyForDeploymentPostprocessing = 0;
			shellPath = /bin/sh;
			shellScript = "\"${PODS_ROOT}/Target Support Files/Pods-iPark/Pods-iPark-frameworks.sh\"\n";
			showEnvVarsInLog = 0;
		};
		56703749D9D7ACD0C557713D /* [CP] Embed Pods Frameworks */ = {
			isa = PBXShellScriptBuildPhase;
			buildActionMask = 2147483647;
			files = (
			);
			inputFileListPaths = (
				"${PODS_ROOT}/Target Support Files/Pods-iPark-iParkUITests/Pods-iPark-iParkUITests-frameworks-${CONFIGURATION}-input-files.xcfilelist",
			);
			name = "[CP] Embed Pods Frameworks";
			outputFileListPaths = (
				"${PODS_ROOT}/Target Support Files/Pods-iPark-iParkUITests/Pods-iPark-iParkUITests-frameworks-${CONFIGURATION}-output-files.xcfilelist",
			);
			runOnlyForDeploymentPostprocessing = 0;
			shellPath = /bin/sh;
			shellScript = "\"${PODS_ROOT}/Target Support Files/Pods-iPark-iParkUITests/Pods-iPark-iParkUITests-frameworks.sh\"\n";
			showEnvVarsInLog = 0;
		};
		FA6981C626468FC4071D7FF1 /* [CP] Check Pods Manifest.lock */ = {
			isa = PBXShellScriptBuildPhase;
			buildActionMask = 2147483647;
			files = (
			);
			inputFileListPaths = (
			);
			inputPaths = (
				"${PODS_PODFILE_DIR_PATH}/Podfile.lock",
				"${PODS_ROOT}/Manifest.lock",
			);
			name = "[CP] Check Pods Manifest.lock";
			outputFileListPaths = (
			);
			outputPaths = (
				"$(DERIVED_FILE_DIR)/Pods-iPark-iParkUITests-checkManifestLockResult.txt",
			);
			runOnlyForDeploymentPostprocessing = 0;
			shellPath = /bin/sh;
			shellScript = "diff \"${PODS_PODFILE_DIR_PATH}/Podfile.lock\" \"${PODS_ROOT}/Manifest.lock\" > /dev/null\nif [ $? != 0 ] ; then\n    # print error to STDERR\n    echo \"error: The sandbox is not in sync with the Podfile.lock. Run 'pod install' or update your CocoaPods installation.\" >&2\n    exit 1\nfi\n# This output is used by Xcode 'outputs' to avoid re-running this script phase.\necho \"SUCCESS\" > \"${SCRIPT_OUTPUT_FILE_0}\"\n";
			showEnvVarsInLog = 0;
		};
/* End PBXShellScriptBuildPhase section */

/* Begin PBXSourcesBuildPhase section */
		556C5DAF23FDDBA600F40EE2 /* Sources */ = {
			isa = PBXSourcesBuildPhase;
			buildActionMask = 2147483647;
			files = (
			);
			runOnlyForDeploymentPostprocessing = 0;
		};
		55A0952723FDE2CE0010E607 /* Sources */ = {
			isa = PBXSourcesBuildPhase;
			buildActionMask = 2147483647;
			files = (
			);
			runOnlyForDeploymentPostprocessing = 0;
		};
		931E901323FDD18900964A58 /* Sources */ = {
			isa = PBXSourcesBuildPhase;
			buildActionMask = 2147483647;
			files = (
				55C2F2A3245E02BD00F3214A /* TicketsView.swift in Sources */,
				55E9D25524636A9A006F115E /* ShopItemsView.swift in Sources */,
				55F36B902458D5630083E3FE /* Restaurant.swift in Sources */,
				5543F30824586EFC000AE9F0 /* Login.swift in Sources */,
				55095F16241164D600A7EB8A /* Circleimage.swift in Sources */,
				55E9D23D24620F75006F115E /* Pass.swift in Sources */,
				55E9D25124635E32006F115E /* RidesDetailsView.swift in Sources */,
				55E9D23B24620228006F115E /* Summary_Pass.swift in Sources */,
				55F36BA124591F8C0083E3FE /* UserPage.swift in Sources */,
				55E9D24924634F52006F115E /* RestaurantsView.swift in Sources */,
				55E9D24724634D1F006F115E /* ShopsView.swift in Sources */,
				931E901B23FDD18900964A58 /* AppDelegate.swift in Sources */,
				55F36B9B24590E700083E3FE /* MenuController.swift in Sources */,
				556477592460B69000300FD2 /* UserTickets.swift in Sources */,
				55C2F2A7245E070C00F3214A /* YearlyPassView.swift in Sources */,
				55F36B8F2458D5630083E3FE /* Ride.swift in Sources */,
				55E9D2432462765F006F115E /* Homepage.swift in Sources */,
				55E9D25B2463781D006F115E /* MenuItems.swift in Sources */,
				55C2F29F245DF53500F3214A /* ContentView.swift in Sources */,
				55E9D2412462528A006F115E /* UserPassView.swift in Sources */,
				55E9D25D2463BD59006F115E /* IconImage.swift in Sources */,
				55C2F2A1245DF54C00F3214A /* AuthView.swift in Sources */,
				55E9D24B24634F68006F115E /* RidesView.swift in Sources */,
				5543F30D245878D1000AE9F0 /* FirebaseCollection.swift in Sources */,
				55E9D24F24635D3C006F115E /* ShopsDetailsView.swift in Sources */,
				55E9D2532463690A006F115E /* ShopItem.swift in Sources */,
				552B22492460AACC008EEA7F /* UserDetails.swift in Sources */,
				55F36B9F245917F00083E3FE /* SignUp.swift in Sources */,
				552B223F245F40FE008EEA7F /* Tickets.swift in Sources */,
				55E9D245246342DC006F115E /* InfoPage.swift in Sources */,
				552B2241245F470F008EEA7F /* Summary.swift in Sources */,
				55E9D25924636B78006F115E /* MenuItem.swift in Sources */,
				931E901D23FDD18900964A58 /* SceneDelegate.swift in Sources */,
				55E9D24D2463546E006F115E /* RestaurantsDetailsView.swift in Sources */,
				55F36B9D24590E870083E3FE /* HomeController.swift in Sources */,
				55C2F29D245DF50200F3214A /* SessionStore.swift in Sources */,
				556477572460B4B000300FD2 /* Ticket.swift in Sources */,
				55F36B8E2458D5630083E3FE /* Shop.swift in Sources */,
				55C2F2A5245E06FC00F3214A /* SingleTicketView.swift in Sources */,
				55F36B9924590E300083E3FE /* ContainerController.swift in Sources */,
				55E9D2392461E80D006F115E /* UserTicketView.swift in Sources */,
			);
			runOnlyForDeploymentPostprocessing = 0;
		};
		931E902923FDD19100964A58 /* Sources */ = {
			isa = PBXSourcesBuildPhase;
			buildActionMask = 2147483647;
			files = (
				931E903223FDD19100964A58 /* iParkTests.swift in Sources */,
			);
			runOnlyForDeploymentPostprocessing = 0;
		};
		931E903423FDD19100964A58 /* Sources */ = {
			isa = PBXSourcesBuildPhase;
			buildActionMask = 2147483647;
			files = (
				931E903D23FDD19100964A58 /* iParkUITests.swift in Sources */,
			);
			runOnlyForDeploymentPostprocessing = 0;
		};
/* End PBXSourcesBuildPhase section */

/* Begin PBXTargetDependency section */
		556C5DB923FDDBA600F40EE2 /* PBXTargetDependency */ = {
			isa = PBXTargetDependency;
			target = 931E901623FDD18900964A58 /* iPark */;
			targetProxy = 556C5DB823FDDBA600F40EE2 /* PBXContainerItemProxy */;
		};
		55A0953123FDE2CE0010E607 /* PBXTargetDependency */ = {
			isa = PBXTargetDependency;
			target = 931E901623FDD18900964A58 /* iPark */;
			targetProxy = 55A0953023FDE2CE0010E607 /* PBXContainerItemProxy */;
		};
		931E902F23FDD19100964A58 /* PBXTargetDependency */ = {
			isa = PBXTargetDependency;
			target = 931E901623FDD18900964A58 /* iPark */;
			targetProxy = 931E902E23FDD19100964A58 /* PBXContainerItemProxy */;
		};
		931E903A23FDD19100964A58 /* PBXTargetDependency */ = {
			isa = PBXTargetDependency;
			target = 931E901623FDD18900964A58 /* iPark */;
			targetProxy = 931E903923FDD19100964A58 /* PBXContainerItemProxy */;
		};
/* End PBXTargetDependency section */

/* Begin PBXVariantGroup section */
		931E902523FDD19000964A58 /* LaunchScreen.storyboard */ = {
			isa = PBXVariantGroup;
			children = (
				931E902623FDD19000964A58 /* Base */,
			);
			name = LaunchScreen.storyboard;
			sourceTree = "<group>";
		};
/* End PBXVariantGroup section */

/* Begin XCBuildConfiguration section */
		556C5DBA23FDDBA600F40EE2 /* Debug */ = {
			isa = XCBuildConfiguration;
			buildSettings = {
				BUNDLE_LOADER = "$(TEST_HOST)";
				CODE_SIGN_STYLE = Automatic;
				INFOPLIST_FILE = newTestItemInitFails/Info.plist;
				LD_RUNPATH_SEARCH_PATHS = (
					"$(inherited)",
					"@executable_path/Frameworks",
					"@loader_path/Frameworks",
				);
				PRODUCT_BUNDLE_IDENTIFIER = UNH.newTestItemInitFails;
				PRODUCT_NAME = "$(TARGET_NAME)";
				SWIFT_VERSION = 5.0;
				TARGETED_DEVICE_FAMILY = "1,2";
				TEST_HOST = "$(BUILT_PRODUCTS_DIR)/iPark.app/iPark";
			};
			name = Debug;
		};
		556C5DBB23FDDBA600F40EE2 /* Release */ = {
			isa = XCBuildConfiguration;
			buildSettings = {
				BUNDLE_LOADER = "$(TEST_HOST)";
				CODE_SIGN_STYLE = Automatic;
				INFOPLIST_FILE = newTestItemInitFails/Info.plist;
				LD_RUNPATH_SEARCH_PATHS = (
					"$(inherited)",
					"@executable_path/Frameworks",
					"@loader_path/Frameworks",
				);
				PRODUCT_BUNDLE_IDENTIFIER = UNH.newTestItemInitFails;
				PRODUCT_NAME = "$(TARGET_NAME)";
				SWIFT_VERSION = 5.0;
				TARGETED_DEVICE_FAMILY = "1,2";
				TEST_HOST = "$(BUILT_PRODUCTS_DIR)/iPark.app/iPark";
			};
			name = Release;
		};
		55A0953223FDE2CE0010E607 /* Debug */ = {
			isa = XCBuildConfiguration;
			buildSettings = {
				BUNDLE_LOADER = "$(TEST_HOST)";
				CODE_SIGN_STYLE = Automatic;
				INFOPLIST_FILE = newTestInvalidValues/Info.plist;
				LD_RUNPATH_SEARCH_PATHS = (
					"$(inherited)",
					"@executable_path/Frameworks",
					"@loader_path/Frameworks",
				);
				PRODUCT_BUNDLE_IDENTIFIER = UNH.newTestInvalidValues;
				PRODUCT_NAME = "$(TARGET_NAME)";
				SWIFT_VERSION = 5.0;
				TARGETED_DEVICE_FAMILY = "1,2";
				TEST_HOST = "$(BUILT_PRODUCTS_DIR)/iPark.app/iPark";
			};
			name = Debug;
		};
		55A0953323FDE2CE0010E607 /* Release */ = {
			isa = XCBuildConfiguration;
			buildSettings = {
				BUNDLE_LOADER = "$(TEST_HOST)";
				CODE_SIGN_STYLE = Automatic;
				INFOPLIST_FILE = newTestInvalidValues/Info.plist;
				LD_RUNPATH_SEARCH_PATHS = (
					"$(inherited)",
					"@executable_path/Frameworks",
					"@loader_path/Frameworks",
				);
				PRODUCT_BUNDLE_IDENTIFIER = UNH.newTestInvalidValues;
				PRODUCT_NAME = "$(TARGET_NAME)";
				SWIFT_VERSION = 5.0;
				TARGETED_DEVICE_FAMILY = "1,2";
				TEST_HOST = "$(BUILT_PRODUCTS_DIR)/iPark.app/iPark";
			};
			name = Release;
		};
		931E903F23FDD19100964A58 /* Debug */ = {
			isa = XCBuildConfiguration;
			buildSettings = {
				ALWAYS_SEARCH_USER_PATHS = NO;
				CLANG_ANALYZER_NONNULL = YES;
				CLANG_ANALYZER_NUMBER_OBJECT_CONVERSION = YES_AGGRESSIVE;
				CLANG_CXX_LANGUAGE_STANDARD = "gnu++14";
				CLANG_CXX_LIBRARY = "libc++";
				CLANG_ENABLE_MODULES = YES;
				CLANG_ENABLE_OBJC_ARC = YES;
				CLANG_ENABLE_OBJC_WEAK = YES;
				CLANG_WARN_BLOCK_CAPTURE_AUTORELEASING = YES;
				CLANG_WARN_BOOL_CONVERSION = YES;
				CLANG_WARN_COMMA = YES;
				CLANG_WARN_CONSTANT_CONVERSION = YES;
				CLANG_WARN_DEPRECATED_OBJC_IMPLEMENTATIONS = YES;
				CLANG_WARN_DIRECT_OBJC_ISA_USAGE = YES_ERROR;
				CLANG_WARN_DOCUMENTATION_COMMENTS = YES;
				CLANG_WARN_EMPTY_BODY = YES;
				CLANG_WARN_ENUM_CONVERSION = YES;
				CLANG_WARN_INFINITE_RECURSION = YES;
				CLANG_WARN_INT_CONVERSION = YES;
				CLANG_WARN_NON_LITERAL_NULL_CONVERSION = YES;
				CLANG_WARN_OBJC_IMPLICIT_RETAIN_SELF = YES;
				CLANG_WARN_OBJC_LITERAL_CONVERSION = YES;
				CLANG_WARN_OBJC_ROOT_CLASS = YES_ERROR;
				CLANG_WARN_RANGE_LOOP_ANALYSIS = YES;
				CLANG_WARN_STRICT_PROTOTYPES = YES;
				CLANG_WARN_SUSPICIOUS_MOVE = YES;
				CLANG_WARN_UNGUARDED_AVAILABILITY = YES_AGGRESSIVE;
				CLANG_WARN_UNREACHABLE_CODE = YES;
				CLANG_WARN__DUPLICATE_METHOD_MATCH = YES;
				COPY_PHASE_STRIP = NO;
				DEBUG_INFORMATION_FORMAT = dwarf;
				ENABLE_STRICT_OBJC_MSGSEND = YES;
				ENABLE_TESTABILITY = YES;
				GCC_C_LANGUAGE_STANDARD = gnu11;
				GCC_DYNAMIC_NO_PIC = NO;
				GCC_NO_COMMON_BLOCKS = YES;
				GCC_OPTIMIZATION_LEVEL = 0;
				GCC_PREPROCESSOR_DEFINITIONS = (
					"DEBUG=1",
					"$(inherited)",
				);
				GCC_WARN_64_TO_32_BIT_CONVERSION = YES;
				GCC_WARN_ABOUT_RETURN_TYPE = YES_ERROR;
				GCC_WARN_UNDECLARED_SELECTOR = YES;
				GCC_WARN_UNINITIALIZED_AUTOS = YES_AGGRESSIVE;
				GCC_WARN_UNUSED_FUNCTION = YES;
				GCC_WARN_UNUSED_VARIABLE = YES;
				IPHONEOS_DEPLOYMENT_TARGET = 13.2;
				MTL_ENABLE_DEBUG_INFO = INCLUDE_SOURCE;
				MTL_FAST_MATH = YES;
				ONLY_ACTIVE_ARCH = YES;
				SDKROOT = iphoneos;
				SWIFT_ACTIVE_COMPILATION_CONDITIONS = DEBUG;
				SWIFT_OPTIMIZATION_LEVEL = "-Onone";
			};
			name = Debug;
		};
		931E904023FDD19100964A58 /* Release */ = {
			isa = XCBuildConfiguration;
			buildSettings = {
				ALWAYS_SEARCH_USER_PATHS = NO;
				CLANG_ANALYZER_NONNULL = YES;
				CLANG_ANALYZER_NUMBER_OBJECT_CONVERSION = YES_AGGRESSIVE;
				CLANG_CXX_LANGUAGE_STANDARD = "gnu++14";
				CLANG_CXX_LIBRARY = "libc++";
				CLANG_ENABLE_MODULES = YES;
				CLANG_ENABLE_OBJC_ARC = YES;
				CLANG_ENABLE_OBJC_WEAK = YES;
				CLANG_WARN_BLOCK_CAPTURE_AUTORELEASING = YES;
				CLANG_WARN_BOOL_CONVERSION = YES;
				CLANG_WARN_COMMA = YES;
				CLANG_WARN_CONSTANT_CONVERSION = YES;
				CLANG_WARN_DEPRECATED_OBJC_IMPLEMENTATIONS = YES;
				CLANG_WARN_DIRECT_OBJC_ISA_USAGE = YES_ERROR;
				CLANG_WARN_DOCUMENTATION_COMMENTS = YES;
				CLANG_WARN_EMPTY_BODY = YES;
				CLANG_WARN_ENUM_CONVERSION = YES;
				CLANG_WARN_INFINITE_RECURSION = YES;
				CLANG_WARN_INT_CONVERSION = YES;
				CLANG_WARN_NON_LITERAL_NULL_CONVERSION = YES;
				CLANG_WARN_OBJC_IMPLICIT_RETAIN_SELF = YES;
				CLANG_WARN_OBJC_LITERAL_CONVERSION = YES;
				CLANG_WARN_OBJC_ROOT_CLASS = YES_ERROR;
				CLANG_WARN_RANGE_LOOP_ANALYSIS = YES;
				CLANG_WARN_STRICT_PROTOTYPES = YES;
				CLANG_WARN_SUSPICIOUS_MOVE = YES;
				CLANG_WARN_UNGUARDED_AVAILABILITY = YES_AGGRESSIVE;
				CLANG_WARN_UNREACHABLE_CODE = YES;
				CLANG_WARN__DUPLICATE_METHOD_MATCH = YES;
				COPY_PHASE_STRIP = NO;
				DEBUG_INFORMATION_FORMAT = "dwarf-with-dsym";
				ENABLE_NS_ASSERTIONS = NO;
				ENABLE_STRICT_OBJC_MSGSEND = YES;
				GCC_C_LANGUAGE_STANDARD = gnu11;
				GCC_NO_COMMON_BLOCKS = YES;
				GCC_WARN_64_TO_32_BIT_CONVERSION = YES;
				GCC_WARN_ABOUT_RETURN_TYPE = YES_ERROR;
				GCC_WARN_UNDECLARED_SELECTOR = YES;
				GCC_WARN_UNINITIALIZED_AUTOS = YES_AGGRESSIVE;
				GCC_WARN_UNUSED_FUNCTION = YES;
				GCC_WARN_UNUSED_VARIABLE = YES;
				IPHONEOS_DEPLOYMENT_TARGET = 13.2;
				MTL_ENABLE_DEBUG_INFO = NO;
				MTL_FAST_MATH = YES;
				SDKROOT = iphoneos;
				SWIFT_COMPILATION_MODE = wholemodule;
				SWIFT_OPTIMIZATION_LEVEL = "-O";
				VALIDATE_PRODUCT = YES;
			};
			name = Release;
		};
		931E904223FDD19100964A58 /* Debug */ = {
			isa = XCBuildConfiguration;
			baseConfigurationReference = EA691E6A11722D6007A42A78 /* Pods-iPark.debug.xcconfig */;
			buildSettings = {
				ASSETCATALOG_COMPILER_APPICON_NAME = AppIcon;
				CODE_SIGN_STYLE = Automatic;
				DEVELOPMENT_ASSET_PATHS = "\"iPark/Preview Content\"";
				DEVELOPMENT_TEAM = U36A537QYZ;
				ENABLE_PREVIEWS = YES;
				INFOPLIST_FILE = iPark/Info.plist;
				LD_RUNPATH_SEARCH_PATHS = (
					"$(inherited)",
					"@executable_path/Frameworks",
				);
				PRODUCT_BUNDLE_IDENTIFIER = krunal.iPark;
				PRODUCT_NAME = "$(TARGET_NAME)";
				SWIFT_VERSION = 5.0;
				TARGETED_DEVICE_FAMILY = "1,2";
			};
			name = Debug;
		};
		931E904323FDD19100964A58 /* Release */ = {
			isa = XCBuildConfiguration;
			baseConfigurationReference = C8293C2CEFA24A903EDBE179 /* Pods-iPark.release.xcconfig */;
			buildSettings = {
				ASSETCATALOG_COMPILER_APPICON_NAME = AppIcon;
				CODE_SIGN_STYLE = Automatic;
				DEVELOPMENT_ASSET_PATHS = "\"iPark/Preview Content\"";
				DEVELOPMENT_TEAM = U36A537QYZ;
				ENABLE_PREVIEWS = YES;
				INFOPLIST_FILE = iPark/Info.plist;
				LD_RUNPATH_SEARCH_PATHS = (
					"$(inherited)",
					"@executable_path/Frameworks",
				);
				PRODUCT_BUNDLE_IDENTIFIER = krunal.iPark;
				PRODUCT_NAME = "$(TARGET_NAME)";
				SWIFT_VERSION = 5.0;
				TARGETED_DEVICE_FAMILY = "1,2";
			};
			name = Release;
		};
		931E904523FDD19100964A58 /* Debug */ = {
			isa = XCBuildConfiguration;
			baseConfigurationReference = 8DF535EDCC2F6C1DBAB4E6EC /* Pods-iParkTests.debug.xcconfig */;
			buildSettings = {
				ALWAYS_EMBED_SWIFT_STANDARD_LIBRARIES = YES;
				BUNDLE_LOADER = "$(TEST_HOST)";
				CODE_SIGN_STYLE = Automatic;
				INFOPLIST_FILE = iParkTests/Info.plist;
				IPHONEOS_DEPLOYMENT_TARGET = 13.2;
				LD_RUNPATH_SEARCH_PATHS = (
					"$(inherited)",
					"@executable_path/Frameworks",
					"@loader_path/Frameworks",
				);
				PRODUCT_BUNDLE_IDENTIFIER = krunal.iParkTests;
				PRODUCT_NAME = "$(TARGET_NAME)";
				SWIFT_VERSION = 5.0;
				TARGETED_DEVICE_FAMILY = "1,2";
				TEST_HOST = "$(BUILT_PRODUCTS_DIR)/iPark.app/iPark";
			};
			name = Debug;
		};
		931E904623FDD19100964A58 /* Release */ = {
			isa = XCBuildConfiguration;
			baseConfigurationReference = E29CE3AA67088E38622E431C /* Pods-iParkTests.release.xcconfig */;
			buildSettings = {
				ALWAYS_EMBED_SWIFT_STANDARD_LIBRARIES = YES;
				BUNDLE_LOADER = "$(TEST_HOST)";
				CODE_SIGN_STYLE = Automatic;
				INFOPLIST_FILE = iParkTests/Info.plist;
				IPHONEOS_DEPLOYMENT_TARGET = 13.2;
				LD_RUNPATH_SEARCH_PATHS = (
					"$(inherited)",
					"@executable_path/Frameworks",
					"@loader_path/Frameworks",
				);
				PRODUCT_BUNDLE_IDENTIFIER = krunal.iParkTests;
				PRODUCT_NAME = "$(TARGET_NAME)";
				SWIFT_VERSION = 5.0;
				TARGETED_DEVICE_FAMILY = "1,2";
				TEST_HOST = "$(BUILT_PRODUCTS_DIR)/iPark.app/iPark";
			};
			name = Release;
		};
		931E904823FDD19100964A58 /* Debug */ = {
			isa = XCBuildConfiguration;
			baseConfigurationReference = 27C3A75B2511C6A8DF3C2756 /* Pods-iPark-iParkUITests.debug.xcconfig */;
			buildSettings = {
				ALWAYS_EMBED_SWIFT_STANDARD_LIBRARIES = YES;
				CODE_SIGN_STYLE = Automatic;
				INFOPLIST_FILE = iParkUITests/Info.plist;
				LD_RUNPATH_SEARCH_PATHS = (
					"$(inherited)",
					"@executable_path/Frameworks",
					"@loader_path/Frameworks",
				);
				PRODUCT_BUNDLE_IDENTIFIER = krunal.iParkUITests;
				PRODUCT_NAME = "$(TARGET_NAME)";
				SWIFT_VERSION = 5.0;
				TARGETED_DEVICE_FAMILY = "1,2";
				TEST_TARGET_NAME = iPark;
			};
			name = Debug;
		};
		931E904923FDD19100964A58 /* Release */ = {
			isa = XCBuildConfiguration;
			baseConfigurationReference = ECC015739A5BB5D6F2696119 /* Pods-iPark-iParkUITests.release.xcconfig */;
			buildSettings = {
				ALWAYS_EMBED_SWIFT_STANDARD_LIBRARIES = YES;
				CODE_SIGN_STYLE = Automatic;
				INFOPLIST_FILE = iParkUITests/Info.plist;
				LD_RUNPATH_SEARCH_PATHS = (
					"$(inherited)",
					"@executable_path/Frameworks",
					"@loader_path/Frameworks",
				);
				PRODUCT_BUNDLE_IDENTIFIER = krunal.iParkUITests;
				PRODUCT_NAME = "$(TARGET_NAME)";
				SWIFT_VERSION = 5.0;
				TARGETED_DEVICE_FAMILY = "1,2";
				TEST_TARGET_NAME = iPark;
			};
			name = Release;
		};
/* End XCBuildConfiguration section */

/* Begin XCConfigurationList section */
		556C5DBC23FDDBA600F40EE2 /* Build configuration list for PBXNativeTarget "newTestItemInitFails" */ = {
			isa = XCConfigurationList;
			buildConfigurations = (
				556C5DBA23FDDBA600F40EE2 /* Debug */,
				556C5DBB23FDDBA600F40EE2 /* Release */,
			);
			defaultConfigurationIsVisible = 0;
			defaultConfigurationName = Release;
		};
		55A0953423FDE2CE0010E607 /* Build configuration list for PBXNativeTarget "newTestInvalidValues" */ = {
			isa = XCConfigurationList;
			buildConfigurations = (
				55A0953223FDE2CE0010E607 /* Debug */,
				55A0953323FDE2CE0010E607 /* Release */,
			);
			defaultConfigurationIsVisible = 0;
			defaultConfigurationName = Release;
		};
		931E901223FDD18900964A58 /* Build configuration list for PBXProject "iPark" */ = {
			isa = XCConfigurationList;
			buildConfigurations = (
				931E903F23FDD19100964A58 /* Debug */,
				931E904023FDD19100964A58 /* Release */,
			);
			defaultConfigurationIsVisible = 0;
			defaultConfigurationName = Release;
		};
		931E904123FDD19100964A58 /* Build configuration list for PBXNativeTarget "iPark" */ = {
			isa = XCConfigurationList;
			buildConfigurations = (
				931E904223FDD19100964A58 /* Debug */,
				931E904323FDD19100964A58 /* Release */,
			);
			defaultConfigurationIsVisible = 0;
			defaultConfigurationName = Release;
		};
		931E904423FDD19100964A58 /* Build configuration list for PBXNativeTarget "iParkTests" */ = {
			isa = XCConfigurationList;
			buildConfigurations = (
				931E904523FDD19100964A58 /* Debug */,
				931E904623FDD19100964A58 /* Release */,
			);
			defaultConfigurationIsVisible = 0;
			defaultConfigurationName = Release;
		};
		931E904723FDD19100964A58 /* Build configuration list for PBXNativeTarget "iParkUITests" */ = {
			isa = XCConfigurationList;
			buildConfigurations = (
				931E904823FDD19100964A58 /* Debug */,
				931E904923FDD19100964A58 /* Release */,
			);
			defaultConfigurationIsVisible = 0;
			defaultConfigurationName = Release;
		};
/* End XCConfigurationList section */
	};
	rootObject = 931E900F23FDD18900964A58 /* Project object */;
}
